{
  "version": 4,
  "terraform_version": "1.4.5",
  "serial": 18,
  "lineage": "442870bf-e7df-7dc7-c86e-850b7de9d49e",
  "outputs": {},
  "resources": [
    {
      "module": "module.cluster-auto-scaler",
      "mode": "data",
      "type": "aws_caller_identity",
      "name": "current",
      "provider": "module.cluster-auto-scaler.provider[\"registry.terraform.io/hashicorp/aws\"]",
      "instances": [
        {
          "schema_version": 0,
          "attributes": {
            "account_id": "462792239034",
            "arn": "arn:aws:iam::462792239034:user/admin_camer",
            "id": "462792239034",
            "user_id": "AIDAWXQERE65OTE6MH7BJ"
          },
          "sensitive_attributes": []
        }
      ]
    },
    {
      "module": "module.cluster-auto-scaler",
      "mode": "data",
      "type": "aws_eks_cluster",
      "name": "revive",
      "provider": "module.cluster-auto-scaler.provider[\"registry.terraform.io/hashicorp/aws\"]",
      "instances": [
        {
          "schema_version": 0,
          "attributes": {
            "arn": "arn:aws:eks:us-east-1:462792239034:cluster/2024-dev-revive",
            "certificate_authority": [
              {
                "data": "LS0tLS1CRUdJTiBDRVJUSUZJQ0FURS0tLS0tCk1JSUMvakNDQWVhZ0F3SUJBZ0lCQURBTkJna3Foa2lHOXcwQkFRc0ZBREFWTVJNd0VRWURWUVFERXdwcmRXSmwKY201bGRHVnpNQjRYRFRJME1ESXlPREU1TlRReU5Gb1hEVE0wTURJeU5URTVOVFF5TkZvd0ZURVRNQkVHQTFVRQpBeE1LYTNWaVpYSnVaWFJsY3pDQ0FTSXdEUVlKS29aSWh2Y05BUUVCQlFBRGdnRVBBRENDQVFvQ2dnRUJBTG9YClhsUHJ1aHgxWHBYVHZ6YjhKQ2R3UkM2bGkrbVd4TnV4a2toM0NzNXhUSEo3VUp0UnE1ZTJZRzBOZU9NNEdkdnQKY3JLZlI3MkkrY0YvRmo1eUFIc3FkSTJQZ3VsMzVHUDBiOVF4b241OW5UUEVPNjRCSW9aNThSL0NXRkdVUFZrKwplcDVyTE5xU1kvQVg4NHdFZk15NnR0ck14dS9hU09sQ0ZSVGxEa2hqM2IzQkpCZndIZGxGdnR0UFA2ZWl6V3JtCjZCTVhTelFDOFBLN21uTytWYWQ4T0JSVWpPT2E0OWxXUFZJMkJDMjNHRjBacGZPV2VHOWc0Y3UySEFXNTU1RmwKazJYV2RTLzBEVW9BeTBHaWh6UWd5TUxOVFFheHJIblhHQmRtVDNPYVhVMXl4Uld0NW5CUTkvaHUrUUQycm56WApRTW9yNTNyOHRJcUExdUt6ZjJNQ0F3RUFBYU5aTUZjd0RnWURWUjBQQVFIL0JBUURBZ0trTUE4R0ExVWRFd0VCCi93UUZNQU1CQWY4d0hRWURWUjBPQkJZRUZKbTc0UU42THZUV3UyRERodXBEcllrRWttMTBNQlVHQTFVZEVRUU8KTUF5Q0NtdDFZbVZ5Ym1WMFpYTXdEUVlKS29aSWh2Y05BUUVMQlFBRGdnRUJBSWV2QnVpbFNQQjhYKzVJbkxuVQpsWnFsb0lsSVQ5ZUlkbGhQaXlPdGZXSDFKQzZ1MTI3TEdpSkhzaWZoTnBLbm5vcmxEVUUrdHl1R0ZOUDFJWUZVClRnOE9BNmhKdjRSQUdTVyt6SzBNNS96TWowKzV2bTFsd09CQ2RhYXlTTUp6ODhiT01jNS95YVJTZXFqUkpHQ3oKUUlRbjRlaHY4bFBzNzlSb2NnaTJDQ3p6UEtXOThtUXBkR1hHZnpPK2VZZ0ViMUxybXgxL25Sa0xSVXZhbmdXTgpUU2kzMUZVNlQxWUZ0d0lRVWluL1BpNGRDRWQrZ0x2aU15dlBEcmwxSmxwMC81MTFBaUJRVGNsM29JdWZKc3hNCjJRdWszQUI1UGRYc01NRUZMNnF6TDg0Y0JHOUVnTU0zVkMzR25ueS90Z3F5MXhvUWNHc04wdEVuT3hOeUI0bzAKZUlZPQotLS0tLUVORCBDRVJUSUZJQ0FURS0tLS0tCg=="
              }
            ],
            "cluster_id": null,
            "created_at": "2024-02-28 19:49:18.699 +0000 UTC",
            "enabled_cluster_log_types": [],
            "endpoint": "https://C2EE9F6DFDD8FD4D80CAFC22B7133884.gr7.us-east-1.eks.amazonaws.com",
            "id": "2024-dev-revive",
            "identity": [
              {
                "oidc": [
                  {
                    "issuer": "https://oidc.eks.us-east-1.amazonaws.com/id/C2EE9F6DFDD8FD4D80CAFC22B7133884"
                  }
                ]
              }
            ],
            "kubernetes_network_config": [
              {
                "ip_family": "ipv4",
                "service_ipv4_cidr": "172.20.0.0/16",
                "service_ipv6_cidr": ""
              }
            ],
            "name": "2024-dev-revive",
            "outpost_config": [],
            "platform_version": "eks.16",
            "role_arn": "arn:aws:iam::462792239034:role/2024-dev-revive-control-plane-role",
            "status": "ACTIVE",
            "tags": {},
            "version": "1.24",
            "vpc_config": [
              {
                "cluster_security_group_id": "sg-0db52ca130cf57a71",
                "endpoint_private_access": false,
                "endpoint_public_access": true,
                "public_access_cidrs": [
                  "0.0.0.0/0"
                ],
                "security_group_ids": [],
                "subnet_ids": [
                  "subnet-0544d1a871497bf29",
                  "subnet-0591e3a84c68fd56a",
                  "subnet-073b88dc26dd53e17"
                ],
                "vpc_id": "vpc-03af561c239a6fbf5"
              }
            ]
          },
          "sensitive_attributes": []
        }
      ]
    },
    {
      "module": "module.cluster-auto-scaler",
      "mode": "data",
      "type": "aws_eks_cluster_auth",
      "name": "revive",
      "provider": "module.cluster-auto-scaler.provider[\"registry.terraform.io/hashicorp/aws\"]",
      "instances": [
        {
          "schema_version": 0,
          "attributes": {
            "id": "2024-dev-revive",
            "name": "2024-dev-revive",
            "token": "k8s-aws-v1.aHR0cHM6Ly9zdHMuYW1hem9uYXdzLmNvbS8_QWN0aW9uPUdldENhbGxlcklkZW50aXR5JlZlcnNpb249MjAxMS0wNi0xNSZYLUFtei1BbGdvcml0aG09QVdTNC1ITUFDLVNIQTI1NiZYLUFtei1DcmVkZW50aWFsPUFLSUFXWFFFUkU2NUFGSlU0MkI1JTJGMjAyNDAyMjglMkZ1cy1lYXN0LTElMkZzdHMlMkZhd3M0X3JlcXVlc3QmWC1BbXotRGF0ZT0yMDI0MDIyOFQyMTI1MzdaJlgtQW16LUV4cGlyZXM9MCZYLUFtei1TaWduZWRIZWFkZXJzPWhvc3QlM0J4LWs4cy1hd3MtaWQmWC1BbXotU2lnbmF0dXJlPTMyMmYyNmZkNmI0YWIxNjhlZDQyNGZkMjYwM2JjYTAwOWEzNzU3ZDJjNjU3NDg4YzM3Y2ZlYjdlNWJmM2UxYTI"
          },
          "sensitive_attributes": []
        }
      ]
    },
    {
      "module": "module.cluster-auto-scaler",
      "mode": "managed",
      "type": "aws_iam_policy",
      "name": "cluster-autoscaler-polcy",
      "provider": "module.cluster-auto-scaler.provider[\"registry.terraform.io/hashicorp/aws\"]",
      "instances": [
        {
          "schema_version": 0,
          "attributes": {
            "arn": "arn:aws:iam::462792239034:policy/2024-dev-revive-cluster-autoscaler-polcy",
            "description": "External DNS IAM Policy",
            "id": "arn:aws:iam::462792239034:policy/2024-dev-revive-cluster-autoscaler-polcy",
            "name": "2024-dev-revive-cluster-autoscaler-polcy",
            "name_prefix": "",
            "path": "/",
            "policy": "{\"Statement\":[{\"Action\":[\"autoscaling:DescribeAutoScalingGroups\",\"autoscaling:DescribeAutoScalingInstances\",\"autoscaling:DescribeInstances\",\"autoscaling:DescribeLaunchConfigurations\",\"autoscaling:DescribeTags\",\"autoscaling:SetDesiredCapacity\",\"autoscaling:TerminateInstanceInAutoScalingGroup\",\"ec2:DescribeLaunchTemplateVersions\",\"ec2:DescribeInstanceTypes\"],\"Effect\":\"Allow\",\"Resource\":\"*\"}],\"Version\":\"2012-10-17\"}",
            "policy_id": "ANPAWXQERE65LOKYYNRVD",
            "tags": null,
            "tags_all": {}
          },
          "sensitive_attributes": [],
          "private": "bnVsbA=="
        }
      ]
    },
    {
      "module": "module.cluster-auto-scaler",
      "mode": "managed",
      "type": "aws_iam_role",
      "name": "cluster-autoscaler",
      "provider": "module.cluster-auto-scaler.provider[\"registry.terraform.io/hashicorp/aws\"]",
      "instances": [
        {
          "schema_version": 0,
          "attributes": {
            "arn": "arn:aws:iam::462792239034:role/2024-dev-revive-cluster-autoscaler-iam-role",
            "assume_role_policy": "{\"Statement\":[{\"Action\":\"sts:AssumeRoleWithWebIdentity\",\"Condition\":{\"StringEquals\":{\"oidc.eks.us-east-1.amazonaws.com/id/C2EE9F6DFDD8FD4D80CAFC22B7133884:sub\":\"system:serviceaccount:cluster-autoscaler:cluster-autoscaler-sa\"}},\"Effect\":\"Allow\",\"Principal\":{\"Federated\":\"arn:aws:iam::462792239034:oidc-provider/oidc.eks.us-east-1.amazonaws.com/id/C2EE9F6DFDD8FD4D80CAFC22B7133884\"},\"Sid\":\"\"}],\"Version\":\"2012-10-17\"}",
            "create_date": "2024-02-28T21:25:39Z",
            "description": "",
            "force_detach_policies": false,
            "id": "2024-dev-revive-cluster-autoscaler-iam-role",
            "inline_policy": [],
            "managed_policy_arns": [],
            "max_session_duration": 3600,
            "name": "2024-dev-revive-cluster-autoscaler-iam-role",
            "name_prefix": "",
            "path": "/",
            "permissions_boundary": null,
            "role_last_used": [
              {
                "last_used_date": "",
                "region": ""
              }
            ],
            "tags": {
              "tag-key": "2024-dev-revive-cluster-autoscaler-iam-role"
            },
            "tags_all": {
              "tag-key": "2024-dev-revive-cluster-autoscaler-iam-role"
            },
            "unique_id": "AROAWXQERE65ANP52Q4K3"
          },
          "sensitive_attributes": [],
          "private": "bnVsbA==",
          "dependencies": [
            "module.cluster-auto-scaler.data.aws_caller_identity.current",
            "module.cluster-auto-scaler.data.aws_eks_cluster.revive"
          ]
        }
      ]
    },
    {
      "module": "module.cluster-auto-scaler",
      "mode": "managed",
      "type": "aws_iam_role_policy_attachment",
      "name": "cluster-autoscaler_attach",
      "provider": "module.cluster-auto-scaler.provider[\"registry.terraform.io/hashicorp/aws\"]",
      "instances": [
        {
          "schema_version": 0,
          "attributes": {
            "id": "2024-dev-revive-cluster-autoscaler-iam-role-20240228212539743800000001",
            "policy_arn": "arn:aws:iam::462792239034:policy/2024-dev-revive-cluster-autoscaler-polcy",
            "role": "2024-dev-revive-cluster-autoscaler-iam-role"
          },
          "sensitive_attributes": [],
          "private": "bnVsbA==",
          "dependencies": [
            "module.cluster-auto-scaler.aws_iam_policy.cluster-autoscaler-polcy",
            "module.cluster-auto-scaler.aws_iam_role.cluster-autoscaler",
            "module.cluster-auto-scaler.data.aws_caller_identity.current",
            "module.cluster-auto-scaler.data.aws_eks_cluster.revive"
          ]
        }
      ]
    },
    {
      "module": "module.cluster-auto-scaler",
      "mode": "managed",
      "type": "helm_release",
      "name": "cluster_autoscaler_release",
      "provider": "module.cluster-auto-scaler.provider[\"registry.terraform.io/hashicorp/helm\"]",
      "instances": [
        {
          "schema_version": 1,
          "attributes": {
            "atomic": false,
            "chart": "cluster-autoscaler",
            "cleanup_on_fail": false,
            "create_namespace": false,
            "dependency_update": false,
            "description": null,
            "devel": null,
            "disable_crd_hooks": false,
            "disable_openapi_validation": false,
            "disable_webhooks": false,
            "force_update": false,
            "id": "cluster-autoscaler",
            "keyring": null,
            "lint": false,
            "manifest": null,
            "max_history": 0,
            "metadata": [
              {
                "app_version": "1.29.0",
                "chart": "cluster-autoscaler",
                "name": "cluster-autoscaler",
                "namespace": "cluster-autoscaler",
                "revision": 1,
                "values": "{\"autoDiscovery\":{\"clusterName\":\"2024-dev-revive\"},\"awsRegion\":\"us-east-1\",\"cloudProvider\":\"aws\",\"extraArgs\":{\"scale-down-delay-after-add\":\"2m\",\"scale-down-unneeded-time\":\"2m\"},\"fullnameOverride\":\"cluster-autoscaler\",\"rbac\":{\"serviceAccount\":{\"annotations\":{\"eks.amazonaws.com/role-arn\":\"arn:aws:iam::462792239034:role/2024-dev-revive-cluster-autoscaler-iam-role\"},\"create\":true,\"name\":\"cluster-autoscaler-sa\"}}}",
                "version": "9.35.0"
              }
            ],
            "name": "cluster-autoscaler",
            "namespace": "cluster-autoscaler",
            "pass_credentials": false,
            "postrender": [],
            "recreate_pods": false,
            "render_subchart_notes": true,
            "replace": false,
            "repository": "https://kubernetes.github.io/autoscaler",
            "repository_ca_file": null,
            "repository_cert_file": null,
            "repository_key_file": null,
            "repository_password": null,
            "repository_username": null,
            "reset_values": false,
            "reuse_values": false,
            "set": [
              {
                "name": "autoDiscovery.clusterName",
                "type": "",
                "value": "2024-dev-revive"
              },
              {
                "name": "awsRegion",
                "type": "",
                "value": "us-east-1"
              },
              {
                "name": "cloudProvider",
                "type": "",
                "value": "aws"
              },
              {
                "name": "extraArgs.scale-down-delay-after-add",
                "type": "",
                "value": "2m"
              },
              {
                "name": "extraArgs.scale-down-unneeded-time",
                "type": "",
                "value": "2m"
              },
              {
                "name": "fullnameOverride",
                "type": "",
                "value": "cluster-autoscaler"
              },
              {
                "name": "rbac.serviceAccount.annotations.eks\\.amazonaws\\.com/role-arn",
                "type": "",
                "value": "arn:aws:iam::462792239034:role/2024-dev-revive-cluster-autoscaler-iam-role"
              },
              {
                "name": "rbac.serviceAccount.create",
                "type": "",
                "value": "true"
              },
              {
                "name": "rbac.serviceAccount.name",
                "type": "",
                "value": "cluster-autoscaler-sa"
              }
            ],
            "set_list": [],
            "set_sensitive": [],
            "skip_crds": false,
            "status": "deployed",
            "timeout": 300,
            "values": null,
            "verify": false,
            "version": "9.35.0",
            "wait": true,
            "wait_for_jobs": false
          },
          "sensitive_attributes": [],
          "private": "eyJzY2hlbWFfdmVyc2lvbiI6IjEifQ==",
          "dependencies": [
            "module.cluster-auto-scaler.aws_iam_role.cluster-autoscaler",
            "module.cluster-auto-scaler.data.aws_caller_identity.current",
            "module.cluster-auto-scaler.data.aws_eks_cluster.revive",
            "module.cluster-auto-scaler.data.aws_eks_cluster_auth.revive"
          ]
        }
      ]
    }
  ],
  "check_results": null
}
