{
  "version": 4,
  "terraform_version": "1.4.5",
  "serial": 21,
  "lineage": "78ff558e-1fa6-e764-2b8c-adb0d40fb2f9",
  "outputs": {},
  "resources": [
    {
      "module": "module.aws-ebs-csi-driver",
      "mode": "data",
      "type": "aws_caller_identity",
      "name": "current",
      "provider": "module.aws-ebs-csi-driver.provider[\"registry.terraform.io/hashicorp/aws\"]",
      "instances": [
        {
          "schema_version": 0,
          "attributes": {
            "account_id": "462792239034",
            "arn": "arn:aws:iam::462792239034:user/admin_camer",
            "id": "462792239034",
            "user_id": "AIDAWXQERE65OTE6MH7BJ"
          },
          "sensitive_attributes": []
        }
      ]
    },
    {
      "module": "module.aws-ebs-csi-driver",
      "mode": "data",
      "type": "aws_eks_cluster",
      "name": "revive",
      "provider": "module.aws-ebs-csi-driver.provider[\"registry.terraform.io/hashicorp/aws\"]",
      "instances": [
        {
          "schema_version": 0,
          "attributes": {
            "arn": "arn:aws:eks:us-east-1:462792239034:cluster/2024-dev-revive",
            "certificate_authority": [
              {
                "data": "LS0tLS1CRUdJTiBDRVJUSUZJQ0FURS0tLS0tCk1JSUMvakNDQWVhZ0F3SUJBZ0lCQURBTkJna3Foa2lHOXcwQkFRc0ZBREFWTVJNd0VRWURWUVFERXdwcmRXSmwKY201bGRHVnpNQjRYRFRJME1ESXlPREU1TlRReU5Gb1hEVE0wTURJeU5URTVOVFF5TkZvd0ZURVRNQkVHQTFVRQpBeE1LYTNWaVpYSnVaWFJsY3pDQ0FTSXdEUVlKS29aSWh2Y05BUUVCQlFBRGdnRVBBRENDQVFvQ2dnRUJBTG9YClhsUHJ1aHgxWHBYVHZ6YjhKQ2R3UkM2bGkrbVd4TnV4a2toM0NzNXhUSEo3VUp0UnE1ZTJZRzBOZU9NNEdkdnQKY3JLZlI3MkkrY0YvRmo1eUFIc3FkSTJQZ3VsMzVHUDBiOVF4b241OW5UUEVPNjRCSW9aNThSL0NXRkdVUFZrKwplcDVyTE5xU1kvQVg4NHdFZk15NnR0ck14dS9hU09sQ0ZSVGxEa2hqM2IzQkpCZndIZGxGdnR0UFA2ZWl6V3JtCjZCTVhTelFDOFBLN21uTytWYWQ4T0JSVWpPT2E0OWxXUFZJMkJDMjNHRjBacGZPV2VHOWc0Y3UySEFXNTU1RmwKazJYV2RTLzBEVW9BeTBHaWh6UWd5TUxOVFFheHJIblhHQmRtVDNPYVhVMXl4Uld0NW5CUTkvaHUrUUQycm56WApRTW9yNTNyOHRJcUExdUt6ZjJNQ0F3RUFBYU5aTUZjd0RnWURWUjBQQVFIL0JBUURBZ0trTUE4R0ExVWRFd0VCCi93UUZNQU1CQWY4d0hRWURWUjBPQkJZRUZKbTc0UU42THZUV3UyRERodXBEcllrRWttMTBNQlVHQTFVZEVRUU8KTUF5Q0NtdDFZbVZ5Ym1WMFpYTXdEUVlKS29aSWh2Y05BUUVMQlFBRGdnRUJBSWV2QnVpbFNQQjhYKzVJbkxuVQpsWnFsb0lsSVQ5ZUlkbGhQaXlPdGZXSDFKQzZ1MTI3TEdpSkhzaWZoTnBLbm5vcmxEVUUrdHl1R0ZOUDFJWUZVClRnOE9BNmhKdjRSQUdTVyt6SzBNNS96TWowKzV2bTFsd09CQ2RhYXlTTUp6ODhiT01jNS95YVJTZXFqUkpHQ3oKUUlRbjRlaHY4bFBzNzlSb2NnaTJDQ3p6UEtXOThtUXBkR1hHZnpPK2VZZ0ViMUxybXgxL25Sa0xSVXZhbmdXTgpUU2kzMUZVNlQxWUZ0d0lRVWluL1BpNGRDRWQrZ0x2aU15dlBEcmwxSmxwMC81MTFBaUJRVGNsM29JdWZKc3hNCjJRdWszQUI1UGRYc01NRUZMNnF6TDg0Y0JHOUVnTU0zVkMzR25ueS90Z3F5MXhvUWNHc04wdEVuT3hOeUI0bzAKZUlZPQotLS0tLUVORCBDRVJUSUZJQ0FURS0tLS0tCg=="
              }
            ],
            "cluster_id": null,
            "created_at": "2024-02-28 19:49:18.699 +0000 UTC",
            "enabled_cluster_log_types": [],
            "endpoint": "https://C2EE9F6DFDD8FD4D80CAFC22B7133884.gr7.us-east-1.eks.amazonaws.com",
            "id": "2024-dev-revive",
            "identity": [
              {
                "oidc": [
                  {
                    "issuer": "https://oidc.eks.us-east-1.amazonaws.com/id/C2EE9F6DFDD8FD4D80CAFC22B7133884"
                  }
                ]
              }
            ],
            "kubernetes_network_config": [
              {
                "ip_family": "ipv4",
                "service_ipv4_cidr": "172.20.0.0/16",
                "service_ipv6_cidr": ""
              }
            ],
            "name": "2024-dev-revive",
            "outpost_config": [],
            "platform_version": "eks.16",
            "role_arn": "arn:aws:iam::462792239034:role/2024-dev-revive-control-plane-role",
            "status": "ACTIVE",
            "tags": {},
            "version": "1.24",
            "vpc_config": [
              {
                "cluster_security_group_id": "sg-0db52ca130cf57a71",
                "endpoint_private_access": false,
                "endpoint_public_access": true,
                "public_access_cidrs": [
                  "0.0.0.0/0"
                ],
                "security_group_ids": [],
                "subnet_ids": [
                  "subnet-0544d1a871497bf29",
                  "subnet-0591e3a84c68fd56a",
                  "subnet-073b88dc26dd53e17"
                ],
                "vpc_id": "vpc-03af561c239a6fbf5"
              }
            ]
          },
          "sensitive_attributes": []
        }
      ]
    },
    {
      "module": "module.aws-ebs-csi-driver",
      "mode": "data",
      "type": "aws_eks_cluster_auth",
      "name": "revive",
      "provider": "module.aws-ebs-csi-driver.provider[\"registry.terraform.io/hashicorp/aws\"]",
      "instances": [
        {
          "schema_version": 0,
          "attributes": {
            "id": "2024-dev-revive",
            "name": "2024-dev-revive",
            "token": "k8s-aws-v1.aHR0cHM6Ly9zdHMuYW1hem9uYXdzLmNvbS8_QWN0aW9uPUdldENhbGxlcklkZW50aXR5JlZlcnNpb249MjAxMS0wNi0xNSZYLUFtei1BbGdvcml0aG09QVdTNC1ITUFDLVNIQTI1NiZYLUFtei1DcmVkZW50aWFsPUFLSUFXWFFFUkU2NUFGSlU0MkI1JTJGMjAyNDAyMjglMkZ1cy1lYXN0LTElMkZzdHMlMkZhd3M0X3JlcXVlc3QmWC1BbXotRGF0ZT0yMDI0MDIyOFQyMTA2MTdaJlgtQW16LUV4cGlyZXM9MCZYLUFtei1TaWduZWRIZWFkZXJzPWhvc3QlM0J4LWs4cy1hd3MtaWQmWC1BbXotU2lnbmF0dXJlPTAzM2IxZWZmM2ZmMDE0N2JjMjU4NmZiNTljOGVmM2UzZDBjMzZmZDk0OTBhMmEyMzY2YTQ0NjE0NzhlZmYzMGQ"
          },
          "sensitive_attributes": []
        }
      ]
    },
    {
      "module": "module.aws-ebs-csi-driver",
      "mode": "managed",
      "type": "aws_iam_policy",
      "name": "aws-ebs-csi-driver-polcy",
      "provider": "module.aws-ebs-csi-driver.provider[\"registry.terraform.io/hashicorp/aws\"]",
      "instances": [
        {
          "schema_version": 0,
          "attributes": {
            "arn": "arn:aws:iam::462792239034:policy/2024-dev-revive-aws-ebs-csi-driver-polcy",
            "description": "External DNS IAM Policy",
            "id": "arn:aws:iam::462792239034:policy/2024-dev-revive-aws-ebs-csi-driver-polcy",
            "name": "2024-dev-revive-aws-ebs-csi-driver-polcy",
            "name_prefix": "",
            "path": "/",
            "policy": "{\"Statement\":[{\"Action\":[\"ec2:CreateSnapshot\",\"ec2:AttachVolume\",\"ec2:DetachVolume\",\"ec2:ModifyVolume\",\"ec2:DescribeAvailabilityZones\",\"ec2:DescribeInstances\",\"ec2:DescribeSnapshots\",\"ec2:DescribeTags\",\"ec2:DescribeVolumes\",\"ec2:DescribeVolumesModifications\"],\"Effect\":\"Allow\",\"Resource\":\"*\"},{\"Action\":[\"ec2:CreateTags\"],\"Condition\":{\"StringEquals\":{\"ec2:CreateAction\":[\"CreateVolume\",\"CreateSnapshot\"]}},\"Effect\":\"Allow\",\"Resource\":[\"arn:aws:ec2:*:*:volume/*\",\"arn:aws:ec2:*:*:snapshot/*\"]},{\"Action\":[\"ec2:DeleteTags\"],\"Effect\":\"Allow\",\"Resource\":[\"arn:aws:ec2:*:*:volume/*\",\"arn:aws:ec2:*:*:snapshot/*\"]},{\"Action\":[\"ec2:CreateVolume\"],\"Condition\":{\"StringLike\":{\"aws:RequestTag/ebs.csi.aws.com/cluster\":\"true\"}},\"Effect\":\"Allow\",\"Resource\":\"*\"},{\"Action\":[\"ec2:CreateVolume\"],\"Condition\":{\"StringLike\":{\"aws:RequestTag/CSIVolumeName\":\"*\"}},\"Effect\":\"Allow\",\"Resource\":\"*\"},{\"Action\":[\"ec2:DeleteVolume\"],\"Condition\":{\"StringLike\":{\"ec2:ResourceTag/ebs.csi.aws.com/cluster\":\"true\"}},\"Effect\":\"Allow\",\"Resource\":\"*\"},{\"Action\":[\"ec2:DeleteVolume\"],\"Condition\":{\"StringLike\":{\"ec2:ResourceTag/CSIVolumeName\":\"*\"}},\"Effect\":\"Allow\",\"Resource\":\"*\"},{\"Action\":[\"ec2:DeleteVolume\"],\"Condition\":{\"StringLike\":{\"ec2:ResourceTag/kubernetes.io/created-for/pvc/name\":\"*\"}},\"Effect\":\"Allow\",\"Resource\":\"*\"},{\"Action\":[\"ec2:DeleteSnapshot\"],\"Condition\":{\"StringLike\":{\"ec2:ResourceTag/CSIVolumeSnapshotName\":\"*\"}},\"Effect\":\"Allow\",\"Resource\":\"*\"},{\"Action\":[\"ec2:DeleteSnapshot\"],\"Condition\":{\"StringLike\":{\"ec2:ResourceTag/ebs.csi.aws.com/cluster\":\"true\"}},\"Effect\":\"Allow\",\"Resource\":\"*\"}],\"Version\":\"2012-10-17\"}",
            "policy_id": "ANPAWXQERE65EA5G3DHOT",
            "tags": null,
            "tags_all": {}
          },
          "sensitive_attributes": [],
          "private": "bnVsbA=="
        }
      ]
    },
    {
      "module": "module.aws-ebs-csi-driver",
      "mode": "managed",
      "type": "aws_iam_role",
      "name": "aws-ebs-csi-driver",
      "provider": "module.aws-ebs-csi-driver.provider[\"registry.terraform.io/hashicorp/aws\"]",
      "instances": [
        {
          "schema_version": 0,
          "attributes": {
            "arn": "arn:aws:iam::462792239034:role/2024-dev-revive-aws-ebs-csi-driver-iam-role",
            "assume_role_policy": "{\"Statement\":[{\"Action\":\"sts:AssumeRoleWithWebIdentity\",\"Condition\":{\"StringEquals\":{\"oidc.eks.us-east-1.amazonaws.com/id/C2EE9F6DFDD8FD4D80CAFC22B7133884:sub\":\"system:serviceaccount:aws-ebs-csi-driver:aws-ebs-csi-driver-sa\"}},\"Effect\":\"Allow\",\"Principal\":{\"Federated\":\"arn:aws:iam::462792239034:oidc-provider/oidc.eks.us-east-1.amazonaws.com/id/C2EE9F6DFDD8FD4D80CAFC22B7133884\"},\"Sid\":\"\"}],\"Version\":\"2012-10-17\"}",
            "create_date": "2024-02-28T21:06:19Z",
            "description": "",
            "force_detach_policies": false,
            "id": "2024-dev-revive-aws-ebs-csi-driver-iam-role",
            "inline_policy": [],
            "managed_policy_arns": [],
            "max_session_duration": 3600,
            "name": "2024-dev-revive-aws-ebs-csi-driver-iam-role",
            "name_prefix": "",
            "path": "/",
            "permissions_boundary": null,
            "role_last_used": [
              {
                "last_used_date": "",
                "region": ""
              }
            ],
            "tags": {
              "tag-key": "2024-dev-revive-aws-ebs-csi-driver-iam-role"
            },
            "tags_all": {
              "tag-key": "2024-dev-revive-aws-ebs-csi-driver-iam-role"
            },
            "unique_id": "AROAWXQERE65IJGODEINP"
          },
          "sensitive_attributes": [],
          "private": "bnVsbA==",
          "dependencies": [
            "module.aws-ebs-csi-driver.data.aws_caller_identity.current",
            "module.aws-ebs-csi-driver.data.aws_eks_cluster.revive"
          ]
        }
      ]
    },
    {
      "module": "module.aws-ebs-csi-driver",
      "mode": "managed",
      "type": "aws_iam_role_policy_attachment",
      "name": "aws-ebs-csi-driver_attach",
      "provider": "module.aws-ebs-csi-driver.provider[\"registry.terraform.io/hashicorp/aws\"]",
      "instances": [
        {
          "schema_version": 0,
          "attributes": {
            "id": "2024-dev-revive-aws-ebs-csi-driver-iam-role-20240228210619779100000001",
            "policy_arn": "arn:aws:iam::462792239034:policy/2024-dev-revive-aws-ebs-csi-driver-polcy",
            "role": "2024-dev-revive-aws-ebs-csi-driver-iam-role"
          },
          "sensitive_attributes": [],
          "private": "bnVsbA==",
          "dependencies": [
            "module.aws-ebs-csi-driver.aws_iam_policy.aws-ebs-csi-driver-polcy",
            "module.aws-ebs-csi-driver.aws_iam_role.aws-ebs-csi-driver",
            "module.aws-ebs-csi-driver.data.aws_caller_identity.current",
            "module.aws-ebs-csi-driver.data.aws_eks_cluster.revive"
          ]
        }
      ]
    },
    {
      "module": "module.aws-ebs-csi-driver",
      "mode": "managed",
      "type": "kubernetes_storage_class",
      "name": "aws-gp2-storage-class",
      "provider": "module.aws-ebs-csi-driver.provider[\"registry.terraform.io/hashicorp/kubernetes\"]",
      "instances": [
        {
          "schema_version": 0,
          "attributes": {
            "allow_volume_expansion": true,
            "allowed_topologies": [],
            "id": "2024-dev-revive",
            "metadata": [
              {
                "annotations": {
                  "storageclass.kubernetes.io/is-default-class": "false"
                },
                "generate_name": "",
                "generation": 0,
                "labels": null,
                "name": "2024-dev-revive",
                "resource_version": "11058",
                "uid": "1e0f297c-341d-47aa-9c44-63ef0b13f80b"
              }
            ],
            "mount_options": null,
            "parameters": {
              "encrypted": "true",
              "fsType": "ext4",
              "type": "gp3"
            },
            "reclaim_policy": "Delete",
            "storage_provisioner": "ebs.csi.aws.com",
            "volume_binding_mode": "WaitForFirstConsumer"
          },
          "sensitive_attributes": [],
          "private": "bnVsbA==",
          "dependencies": [
            "module.aws-ebs-csi-driver.data.aws_eks_cluster.revive",
            "module.aws-ebs-csi-driver.data.aws_eks_cluster_auth.revive"
          ]
        }
      ]
    }
  ],
  "check_results": null
}
