{
  "version": 4,
  "terraform_version": "1.4.5",
  "serial": 14,
  "lineage": "f0fe0eaa-66e8-63c4-8306-9ffa849f732b",
  "outputs": {},
  "resources": [
    {
      "module": "module.ssl-certificate",
      "mode": "data",
      "type": "aws_route53_zone",
      "name": "hostedzone",
      "provider": "provider[\"registry.terraform.io/hashicorp/aws\"]",
      "instances": [
        {
          "schema_version": 0,
          "attributes": {
            "arn": "arn:aws:route53:::hostedzone/Z03550191Z6C8XB2O1SYP",
            "caller_reference": "RISWorkflow-RD:c5549615-732b-4758-a05e-4cf677c959c0",
            "comment": "HostedZone created by Route53 Registrar",
            "id": "Z03550191Z6C8XB2O1SYP",
            "linked_service_description": null,
            "linked_service_principal": null,
            "name": "camerspeed.com",
            "name_servers": [
              "ns-986.awsdns-59.net",
              "ns-1229.awsdns-25.org",
              "ns-260.awsdns-32.com",
              "ns-1922.awsdns-48.co.uk"
            ],
            "primary_name_server": "ns-986.awsdns-59.net",
            "private_zone": false,
            "resource_record_set_count": 2,
            "tags": {},
            "vpc_id": null,
            "zone_id": "Z03550191Z6C8XB2O1SYP"
          },
          "sensitive_attributes": []
        }
      ]
    },
    {
      "module": "module.ssl-certificate",
      "mode": "managed",
      "type": "aws_acm_certificate",
      "name": "revive",
      "provider": "provider[\"registry.terraform.io/hashicorp/aws\"]",
      "instances": [
        {
          "schema_version": 0,
          "attributes": {
            "arn": "arn:aws:acm:us-east-1:462792239034:certificate/010e7fe8-5104-42f2-8052-bff5ad053f1f",
            "certificate_authority_arn": "",
            "certificate_body": null,
            "certificate_chain": null,
            "domain_name": "camerspeed.com",
            "domain_validation_options": [
              {
                "domain_name": "*.camerspeed.com",
                "resource_record_name": "_49385f62202b5c6c2645f231a7fcf4b8.camerspeed.com.",
                "resource_record_type": "CNAME",
                "resource_record_value": "_0d3c804071b4c03450c5a3f2ece343a2.dqxlbvzbzt.acm-validations.aws."
              },
              {
                "domain_name": "camerspeed.com",
                "resource_record_name": "_49385f62202b5c6c2645f231a7fcf4b8.camerspeed.com.",
                "resource_record_type": "CNAME",
                "resource_record_value": "_0d3c804071b4c03450c5a3f2ece343a2.dqxlbvzbzt.acm-validations.aws."
              }
            ],
            "early_renewal_duration": "",
            "id": "arn:aws:acm:us-east-1:462792239034:certificate/010e7fe8-5104-42f2-8052-bff5ad053f1f",
            "key_algorithm": "RSA_2048",
            "not_after": "",
            "not_before": "",
            "options": [
              {
                "certificate_transparency_logging_preference": "ENABLED"
              }
            ],
            "pending_renewal": false,
            "private_key": null,
            "renewal_eligibility": "INELIGIBLE",
            "renewal_summary": [],
            "status": "PENDING_VALIDATION",
            "subject_alternative_names": [
              "*.camerspeed.com",
              "camerspeed.com"
            ],
            "tags": {
              "cloud_provider": "aws",
              "create_by": "EK-TECH Solutions",
              "id": "2024",
              "owner": "Devops Easy Learning",
              "project": "revive",
              "teams": "Phase-10-1",
              "terraform": "true"
            },
            "tags_all": {
              "cloud_provider": "aws",
              "create_by": "EK-TECH Solutions",
              "id": "2024",
              "owner": "Devops Easy Learning",
              "project": "revive",
              "teams": "Phase-10-1",
              "terraform": "true"
            },
            "type": "AMAZON_ISSUED",
            "validation_emails": [],
            "validation_method": "DNS",
            "validation_option": []
          },
          "sensitive_attributes": [],
          "private": "bnVsbA==",
          "create_before_destroy": true
        }
      ]
    },
    {
      "module": "module.ssl-certificate",
      "mode": "managed",
      "type": "aws_acm_certificate_validation",
      "name": "revive",
      "provider": "provider[\"registry.terraform.io/hashicorp/aws\"]",
      "instances": [
        {
          "schema_version": 0,
          "attributes": {
            "certificate_arn": "arn:aws:acm:us-east-1:462792239034:certificate/010e7fe8-5104-42f2-8052-bff5ad053f1f",
            "id": "2024-02-28 22:13:47.112 +0000 UTC",
            "timeouts": null,
            "validation_record_fqdns": [
              "_49385f62202b5c6c2645f231a7fcf4b8.camerspeed.com"
            ]
          },
          "sensitive_attributes": [],
          "private": "eyJlMmJmYjczMC1lY2FhLTExZTYtOGY4OC0zNDM2M2JjN2M0YzAiOnsiY3JlYXRlIjo0NTAwMDAwMDAwMDAwfX0=",
          "dependencies": [
            "module.ssl-certificate.aws_acm_certificate.revive",
            "module.ssl-certificate.aws_route53_record.cert_validation",
            "module.ssl-certificate.data.aws_route53_zone.hostedzone"
          ]
        }
      ]
    },
    {
      "module": "module.ssl-certificate",
      "mode": "managed",
      "type": "aws_route53_record",
      "name": "cert_validation",
      "provider": "provider[\"registry.terraform.io/hashicorp/aws\"]",
      "instances": [
        {
          "schema_version": 2,
          "attributes": {
            "alias": [],
            "allow_overwrite": null,
            "cidr_routing_policy": [],
            "failover_routing_policy": [],
            "fqdn": "_49385f62202b5c6c2645f231a7fcf4b8.camerspeed.com",
            "geolocation_routing_policy": [],
            "health_check_id": "",
            "id": "Z03550191Z6C8XB2O1SYP__49385f62202b5c6c2645f231a7fcf4b8.camerspeed.com._CNAME",
            "latency_routing_policy": [],
            "multivalue_answer_routing_policy": false,
            "name": "_49385f62202b5c6c2645f231a7fcf4b8.camerspeed.com",
            "records": [
              "_0d3c804071b4c03450c5a3f2ece343a2.dqxlbvzbzt.acm-validations.aws."
            ],
            "set_identifier": "",
            "ttl": 60,
            "type": "CNAME",
            "weighted_routing_policy": [],
            "zone_id": "Z03550191Z6C8XB2O1SYP"
          },
          "sensitive_attributes": [],
          "private": "eyJzY2hlbWFfdmVyc2lvbiI6IjIifQ==",
          "dependencies": [
            "module.ssl-certificate.aws_acm_certificate.revive",
            "module.ssl-certificate.data.aws_route53_zone.hostedzone"
          ]
        }
      ]
    }
  ],
  "check_results": null
}
