{
  "version": 4,
  "terraform_version": "1.4.5",
  "serial": 18,
  "lineage": "99b23c9c-75fb-dc7e-6cfb-7b4cd698a9b4",
  "outputs": {},
  "resources": [
    {
      "module": "module.aws-load-balancer-controller",
      "mode": "data",
      "type": "aws_caller_identity",
      "name": "current",
      "provider": "module.aws-load-balancer-controller.provider[\"registry.terraform.io/hashicorp/aws\"]",
      "instances": [
        {
          "schema_version": 0,
          "attributes": {
            "account_id": "462792239034",
            "arn": "arn:aws:iam::462792239034:user/admin_camer",
            "id": "462792239034",
            "user_id": "AIDAWXQERE65OTE6MH7BJ"
          },
          "sensitive_attributes": []
        }
      ]
    },
    {
      "module": "module.aws-load-balancer-controller",
      "mode": "data",
      "type": "aws_eks_cluster",
      "name": "revive",
      "provider": "module.aws-load-balancer-controller.provider[\"registry.terraform.io/hashicorp/aws\"]",
      "instances": [
        {
          "schema_version": 0,
          "attributes": {
            "arn": "arn:aws:eks:us-east-1:462792239034:cluster/2024-dev-revive",
            "certificate_authority": [
              {
                "data": "LS0tLS1CRUdJTiBDRVJUSUZJQ0FURS0tLS0tCk1JSUMvakNDQWVhZ0F3SUJBZ0lCQURBTkJna3Foa2lHOXcwQkFRc0ZBREFWTVJNd0VRWURWUVFERXdwcmRXSmwKY201bGRHVnpNQjRYRFRJME1ESXlPREU1TlRReU5Gb1hEVE0wTURJeU5URTVOVFF5TkZvd0ZURVRNQkVHQTFVRQpBeE1LYTNWaVpYSnVaWFJsY3pDQ0FTSXdEUVlKS29aSWh2Y05BUUVCQlFBRGdnRVBBRENDQVFvQ2dnRUJBTG9YClhsUHJ1aHgxWHBYVHZ6YjhKQ2R3UkM2bGkrbVd4TnV4a2toM0NzNXhUSEo3VUp0UnE1ZTJZRzBOZU9NNEdkdnQKY3JLZlI3MkkrY0YvRmo1eUFIc3FkSTJQZ3VsMzVHUDBiOVF4b241OW5UUEVPNjRCSW9aNThSL0NXRkdVUFZrKwplcDVyTE5xU1kvQVg4NHdFZk15NnR0ck14dS9hU09sQ0ZSVGxEa2hqM2IzQkpCZndIZGxGdnR0UFA2ZWl6V3JtCjZCTVhTelFDOFBLN21uTytWYWQ4T0JSVWpPT2E0OWxXUFZJMkJDMjNHRjBacGZPV2VHOWc0Y3UySEFXNTU1RmwKazJYV2RTLzBEVW9BeTBHaWh6UWd5TUxOVFFheHJIblhHQmRtVDNPYVhVMXl4Uld0NW5CUTkvaHUrUUQycm56WApRTW9yNTNyOHRJcUExdUt6ZjJNQ0F3RUFBYU5aTUZjd0RnWURWUjBQQVFIL0JBUURBZ0trTUE4R0ExVWRFd0VCCi93UUZNQU1CQWY4d0hRWURWUjBPQkJZRUZKbTc0UU42THZUV3UyRERodXBEcllrRWttMTBNQlVHQTFVZEVRUU8KTUF5Q0NtdDFZbVZ5Ym1WMFpYTXdEUVlKS29aSWh2Y05BUUVMQlFBRGdnRUJBSWV2QnVpbFNQQjhYKzVJbkxuVQpsWnFsb0lsSVQ5ZUlkbGhQaXlPdGZXSDFKQzZ1MTI3TEdpSkhzaWZoTnBLbm5vcmxEVUUrdHl1R0ZOUDFJWUZVClRnOE9BNmhKdjRSQUdTVyt6SzBNNS96TWowKzV2bTFsd09CQ2RhYXlTTUp6ODhiT01jNS95YVJTZXFqUkpHQ3oKUUlRbjRlaHY4bFBzNzlSb2NnaTJDQ3p6UEtXOThtUXBkR1hHZnpPK2VZZ0ViMUxybXgxL25Sa0xSVXZhbmdXTgpUU2kzMUZVNlQxWUZ0d0lRVWluL1BpNGRDRWQrZ0x2aU15dlBEcmwxSmxwMC81MTFBaUJRVGNsM29JdWZKc3hNCjJRdWszQUI1UGRYc01NRUZMNnF6TDg0Y0JHOUVnTU0zVkMzR25ueS90Z3F5MXhvUWNHc04wdEVuT3hOeUI0bzAKZUlZPQotLS0tLUVORCBDRVJUSUZJQ0FURS0tLS0tCg=="
              }
            ],
            "cluster_id": null,
            "created_at": "2024-02-28 19:49:18.699 +0000 UTC",
            "enabled_cluster_log_types": [],
            "endpoint": "https://C2EE9F6DFDD8FD4D80CAFC22B7133884.gr7.us-east-1.eks.amazonaws.com",
            "id": "2024-dev-revive",
            "identity": [
              {
                "oidc": [
                  {
                    "issuer": "https://oidc.eks.us-east-1.amazonaws.com/id/C2EE9F6DFDD8FD4D80CAFC22B7133884"
                  }
                ]
              }
            ],
            "kubernetes_network_config": [
              {
                "ip_family": "ipv4",
                "service_ipv4_cidr": "172.20.0.0/16",
                "service_ipv6_cidr": ""
              }
            ],
            "name": "2024-dev-revive",
            "outpost_config": [],
            "platform_version": "eks.16",
            "role_arn": "arn:aws:iam::462792239034:role/2024-dev-revive-control-plane-role",
            "status": "ACTIVE",
            "tags": {},
            "version": "1.24",
            "vpc_config": [
              {
                "cluster_security_group_id": "sg-0db52ca130cf57a71",
                "endpoint_private_access": false,
                "endpoint_public_access": true,
                "public_access_cidrs": [
                  "0.0.0.0/0"
                ],
                "security_group_ids": [],
                "subnet_ids": [
                  "subnet-0544d1a871497bf29",
                  "subnet-0591e3a84c68fd56a",
                  "subnet-073b88dc26dd53e17"
                ],
                "vpc_id": "vpc-03af561c239a6fbf5"
              }
            ]
          },
          "sensitive_attributes": []
        }
      ]
    },
    {
      "module": "module.aws-load-balancer-controller",
      "mode": "data",
      "type": "aws_eks_cluster_auth",
      "name": "revive",
      "provider": "module.aws-load-balancer-controller.provider[\"registry.terraform.io/hashicorp/aws\"]",
      "instances": [
        {
          "schema_version": 0,
          "attributes": {
            "id": "2024-dev-revive",
            "name": "2024-dev-revive",
            "token": "k8s-aws-v1.aHR0cHM6Ly9zdHMuYW1hem9uYXdzLmNvbS8_QWN0aW9uPUdldENhbGxlcklkZW50aXR5JlZlcnNpb249MjAxMS0wNi0xNSZYLUFtei1BbGdvcml0aG09QVdTNC1ITUFDLVNIQTI1NiZYLUFtei1DcmVkZW50aWFsPUFLSUFXWFFFUkU2NUFGSlU0MkI1JTJGMjAyNDAyMjglMkZ1cy1lYXN0LTElMkZzdHMlMkZhd3M0X3JlcXVlc3QmWC1BbXotRGF0ZT0yMDI0MDIyOFQyMDU2NTlaJlgtQW16LUV4cGlyZXM9MCZYLUFtei1TaWduZWRIZWFkZXJzPWhvc3QlM0J4LWs4cy1hd3MtaWQmWC1BbXotU2lnbmF0dXJlPTdjYzY4ZWJiODY2ODY3N2UyODk5YTAyNTI5ZGY2OWUyZTI1ZGM5NGQ4NjI5MzJmNGM4YzMxMmU3MDgwZjEzOTk"
          },
          "sensitive_attributes": []
        }
      ]
    },
    {
      "module": "module.aws-load-balancer-controller",
      "mode": "managed",
      "type": "aws_iam_policy",
      "name": "aws-load-balancer-controller-polcy",
      "provider": "module.aws-load-balancer-controller.provider[\"registry.terraform.io/hashicorp/aws\"]",
      "instances": [
        {
          "schema_version": 0,
          "attributes": {
            "arn": "arn:aws:iam::462792239034:policy/2024-dev-revive-aws-load-balancer-controller-iam-policy",
            "description": "External DNS IAM Policy",
            "id": "arn:aws:iam::462792239034:policy/2024-dev-revive-aws-load-balancer-controller-iam-policy",
            "name": "2024-dev-revive-aws-load-balancer-controller-iam-policy",
            "name_prefix": "",
            "path": "/",
            "policy": "{\"Statement\":[{\"Action\":[\"iam:CreateServiceLinkedRole\"],\"Condition\":{\"StringEquals\":{\"iam:AWSServiceName\":\"elasticloadbalancing.amazonaws.com\"}},\"Effect\":\"Allow\",\"Resource\":\"*\"},{\"Action\":[\"ec2:DescribeAccountAttributes\",\"ec2:DescribeAddresses\",\"ec2:DescribeAvailabilityZones\",\"ec2:DescribeInternetGateways\",\"ec2:DescribeVpcs\",\"ec2:DescribeVpcPeeringConnections\",\"ec2:DescribeSubnets\",\"ec2:DescribeSecurityGroups\",\"ec2:DescribeInstances\",\"ec2:DescribeNetworkInterfaces\",\"ec2:DescribeTags\",\"ec2:GetCoipPoolUsage\",\"ec2:DescribeCoipPools\",\"elasticloadbalancing:DescribeLoadBalancers\",\"elasticloadbalancing:DescribeLoadBalancerAttributes\",\"elasticloadbalancing:DescribeListeners\",\"elasticloadbalancing:DescribeListenerCertificates\",\"elasticloadbalancing:DescribeSSLPolicies\",\"elasticloadbalancing:DescribeRules\",\"elasticloadbalancing:DescribeTargetGroups\",\"elasticloadbalancing:DescribeTargetGroupAttributes\",\"elasticloadbalancing:DescribeTargetHealth\",\"elasticloadbalancing:DescribeTags\",\"elasticloadbalancing:CreateLoadBalancer\"],\"Effect\":\"Allow\",\"Resource\":\"*\"},{\"Action\":[\"cognito-idp:DescribeUserPoolClient\",\"acm:ListCertificates\",\"acm:DescribeCertificate\",\"iam:ListServerCertificates\",\"iam:GetServerCertificate\",\"waf-regional:GetWebACL\",\"waf-regional:GetWebACLForResource\",\"waf-regional:AssociateWebACL\",\"waf-regional:DisassociateWebACL\",\"wafv2:GetWebACL\",\"wafv2:GetWebACLForResource\",\"wafv2:AssociateWebACL\",\"wafv2:DisassociateWebACL\",\"shield:GetSubscriptionState\",\"shield:DescribeProtection\",\"shield:CreateProtection\",\"shield:DeleteProtection\"],\"Effect\":\"Allow\",\"Resource\":\"*\"},{\"Action\":[\"ec2:AuthorizeSecurityGroupIngress\",\"ec2:RevokeSecurityGroupIngress\"],\"Effect\":\"Allow\",\"Resource\":\"*\"},{\"Action\":[\"ec2:CreateSecurityGroup\"],\"Effect\":\"Allow\",\"Resource\":\"*\"},{\"Action\":[\"ec2:CreateTags\"],\"Condition\":{\"Null\":{\"aws:RequestTag/elbv2.k8s.aws/cluster\":\"false\"},\"StringEquals\":{\"ec2:CreateAction\":\"CreateSecurityGroup\"}},\"Effect\":\"Allow\",\"Resource\":\"arn:aws:ec2:*:*:security-group/*\"},{\"Action\":[\"ec2:CreateTags\",\"ec2:DeleteTags\"],\"Condition\":{\"Null\":{\"aws:RequestTag/elbv2.k8s.aws/cluster\":\"true\",\"aws:ResourceTag/elbv2.k8s.aws/cluster\":\"false\"}},\"Effect\":\"Allow\",\"Resource\":\"arn:aws:ec2:*:*:security-group/*\"},{\"Action\":[\"ec2:AuthorizeSecurityGroupIngress\",\"ec2:RevokeSecurityGroupIngress\",\"ec2:DeleteSecurityGroup\"],\"Condition\":{\"Null\":{\"aws:ResourceTag/elbv2.k8s.aws/cluster\":\"false\"}},\"Effect\":\"Allow\",\"Resource\":\"*\"},{\"Action\":[\"elasticloadbalancing:CreateLoadBalancer\",\"elasticloadbalancing:CreateTargetGroup\"],\"Condition\":{\"Null\":{\"aws:RequestTag/elbv2.k8s.aws/cluster\":\"false\"}},\"Effect\":\"Allow\",\"Resource\":\"*\"},{\"Action\":[\"elasticloadbalancing:CreateListener\",\"elasticloadbalancing:DeleteListener\",\"elasticloadbalancing:CreateRule\",\"elasticloadbalancing:DeleteRule\"],\"Effect\":\"Allow\",\"Resource\":\"*\"},{\"Action\":[\"elasticloadbalancing:AddTags\",\"elasticloadbalancing:RemoveTags\"],\"Condition\":{\"Null\":{\"aws:RequestTag/elbv2.k8s.aws/cluster\":\"true\",\"aws:ResourceTag/elbv2.k8s.aws/cluster\":\"false\"}},\"Effect\":\"Allow\",\"Resource\":[\"arn:aws:elasticloadbalancing:*:*:targetgroup/*/*\",\"arn:aws:elasticloadbalancing:*:*:loadbalancer/net/*/*\",\"arn:aws:elasticloadbalancing:*:*:loadbalancer/app/*/*\"]},{\"Action\":[\"elasticloadbalancing:AddTags\",\"elasticloadbalancing:RemoveTags\"],\"Effect\":\"Allow\",\"Resource\":[\"arn:aws:elasticloadbalancing:*:*:listener/net/*/*/*\",\"arn:aws:elasticloadbalancing:*:*:listener/app/*/*/*\",\"arn:aws:elasticloadbalancing:*:*:listener-rule/net/*/*/*\",\"arn:aws:elasticloadbalancing:*:*:listener-rule/app/*/*/*\"]},{\"Action\":[\"elasticloadbalancing:ModifyLoadBalancerAttributes\",\"elasticloadbalancing:SetIpAddressType\",\"elasticloadbalancing:SetSecurityGroups\",\"elasticloadbalancing:SetSubnets\",\"elasticloadbalancing:DeleteLoadBalancer\",\"elasticloadbalancing:ModifyTargetGroup\",\"elasticloadbalancing:ModifyTargetGroupAttributes\",\"elasticloadbalancing:DeleteTargetGroup\",\"elasticloadbalancing:AddTags\"],\"Condition\":{\"Null\":{\"aws:ResourceTag/elbv2.k8s.aws/cluster\":\"false\"}},\"Effect\":\"Allow\",\"Resource\":\"*\"},{\"Action\":[\"elasticloadbalancing:RegisterTargets\",\"elasticloadbalancing:DeregisterTargets\"],\"Effect\":\"Allow\",\"Resource\":\"arn:aws:elasticloadbalancing:*:*:targetgroup/*/*\"},{\"Action\":[\"elasticloadbalancing:SetWebAcl\",\"elasticloadbalancing:ModifyListener\",\"elasticloadbalancing:AddListenerCertificates\",\"elasticloadbalancing:RemoveListenerCertificates\",\"elasticloadbalancing:ModifyRule\"],\"Effect\":\"Allow\",\"Resource\":\"*\"}],\"Version\":\"2012-10-17\"}",
            "policy_id": "ANPAWXQERE65HNMSRRVYT",
            "tags": null,
            "tags_all": {}
          },
          "sensitive_attributes": [],
          "private": "bnVsbA=="
        }
      ]
    },
    {
      "module": "module.aws-load-balancer-controller",
      "mode": "managed",
      "type": "aws_iam_role",
      "name": "aws-load-balancer-controller",
      "provider": "module.aws-load-balancer-controller.provider[\"registry.terraform.io/hashicorp/aws\"]",
      "instances": [
        {
          "schema_version": 0,
          "attributes": {
            "arn": "arn:aws:iam::462792239034:role/2024-dev-revive-aws-load-balancer-controller-iam-role",
            "assume_role_policy": "{\"Statement\":[{\"Action\":\"sts:AssumeRoleWithWebIdentity\",\"Condition\":{\"StringEquals\":{\"oidc.eks.us-east-1.amazonaws.com/id/C2EE9F6DFDD8FD4D80CAFC22B7133884:sub\":\"system:serviceaccount:kube-system:aws-load-balancer-controller-sa\"}},\"Effect\":\"Allow\",\"Principal\":{\"Federated\":\"arn:aws:iam::462792239034:oidc-provider/oidc.eks.us-east-1.amazonaws.com/id/C2EE9F6DFDD8FD4D80CAFC22B7133884\"},\"Sid\":\"\"}],\"Version\":\"2012-10-17\"}",
            "create_date": "2024-02-28T20:57:01Z",
            "description": "",
            "force_detach_policies": false,
            "id": "2024-dev-revive-aws-load-balancer-controller-iam-role",
            "inline_policy": [],
            "managed_policy_arns": [],
            "max_session_duration": 3600,
            "name": "2024-dev-revive-aws-load-balancer-controller-iam-role",
            "name_prefix": "",
            "path": "/",
            "permissions_boundary": null,
            "role_last_used": [
              {
                "last_used_date": "",
                "region": ""
              }
            ],
            "tags": {
              "tag-key": "2024-dev-revive-aws-load-balancer-controller-iam-role"
            },
            "tags_all": {
              "tag-key": "2024-dev-revive-aws-load-balancer-controller-iam-role"
            },
            "unique_id": "AROAWXQERE65LY5RDERR4"
          },
          "sensitive_attributes": [],
          "private": "bnVsbA==",
          "dependencies": [
            "module.aws-load-balancer-controller.data.aws_caller_identity.current",
            "module.aws-load-balancer-controller.data.aws_eks_cluster.revive"
          ]
        }
      ]
    },
    {
      "module": "module.aws-load-balancer-controller",
      "mode": "managed",
      "type": "aws_iam_role_policy_attachment",
      "name": "aws-load-balancer-controller_attach",
      "provider": "module.aws-load-balancer-controller.provider[\"registry.terraform.io/hashicorp/aws\"]",
      "instances": [
        {
          "schema_version": 0,
          "attributes": {
            "id": "2024-dev-revive-aws-load-balancer-controller-iam-role-20240228205701426000000001",
            "policy_arn": "arn:aws:iam::462792239034:policy/2024-dev-revive-aws-load-balancer-controller-iam-policy",
            "role": "2024-dev-revive-aws-load-balancer-controller-iam-role"
          },
          "sensitive_attributes": [],
          "private": "bnVsbA==",
          "dependencies": [
            "module.aws-load-balancer-controller.aws_iam_policy.aws-load-balancer-controller-polcy",
            "module.aws-load-balancer-controller.aws_iam_role.aws-load-balancer-controller",
            "module.aws-load-balancer-controller.data.aws_caller_identity.current",
            "module.aws-load-balancer-controller.data.aws_eks_cluster.revive"
          ]
        }
      ]
    },
    {
      "module": "module.aws-load-balancer-controller",
      "mode": "managed",
      "type": "helm_release",
      "name": "loadbalancer_controller",
      "provider": "module.aws-load-balancer-controller.provider[\"registry.terraform.io/hashicorp/helm\"]",
      "instances": [
        {
          "schema_version": 1,
          "attributes": {
            "atomic": false,
            "chart": "aws-load-balancer-controller",
            "cleanup_on_fail": false,
            "create_namespace": false,
            "dependency_update": false,
            "description": null,
            "devel": null,
            "disable_crd_hooks": false,
            "disable_openapi_validation": false,
            "disable_webhooks": false,
            "force_update": false,
            "id": "aws-load-balancer-controller",
            "keyring": null,
            "lint": false,
            "manifest": null,
            "max_history": 0,
            "metadata": [
              {
                "app_version": "v2.7.1",
                "chart": "aws-load-balancer-controller",
                "name": "aws-load-balancer-controller",
                "namespace": "kube-system",
                "revision": 1,
                "values": "{\"clusterName\":\"2024-dev-revive\",\"image\":{\"repository\":\"602401143452.dkr.ecr.us-east-1.amazonaws.com/amazon/aws-load-balancer-controller\"},\"region\":\"us-east-1\",\"serviceAccount\":{\"annotations\":{\"eks.amazonaws.com/role-arn\":\"arn:aws:iam::462792239034:role/2024-dev-revive-aws-load-balancer-controller-iam-role\"},\"create\":true,\"name\":\"aws-load-balancer-controller-sa\"},\"vpcId\":\"vpc-03af561c239a6fbf5\"}",
                "version": "1.7.1"
              }
            ],
            "name": "aws-load-balancer-controller",
            "namespace": "kube-system",
            "pass_credentials": false,
            "postrender": [],
            "recreate_pods": false,
            "render_subchart_notes": true,
            "replace": false,
            "repository": "https://aws.github.io/eks-charts",
            "repository_ca_file": null,
            "repository_cert_file": null,
            "repository_key_file": null,
            "repository_password": null,
            "repository_username": null,
            "reset_values": false,
            "reuse_values": false,
            "set": [
              {
                "name": "clusterName",
                "type": "",
                "value": "2024-dev-revive"
              },
              {
                "name": "image.repository",
                "type": "",
                "value": "602401143452.dkr.ecr.us-east-1.amazonaws.com/amazon/aws-load-balancer-controller"
              },
              {
                "name": "region",
                "type": "",
                "value": "us-east-1"
              },
              {
                "name": "serviceAccount.annotations.eks\\.amazonaws\\.com/role-arn",
                "type": "",
                "value": "arn:aws:iam::462792239034:role/2024-dev-revive-aws-load-balancer-controller-iam-role"
              },
              {
                "name": "serviceAccount.create",
                "type": "",
                "value": "true"
              },
              {
                "name": "serviceAccount.name",
                "type": "",
                "value": "aws-load-balancer-controller-sa"
              },
              {
                "name": "vpcId",
                "type": "",
                "value": "vpc-03af561c239a6fbf5"
              }
            ],
            "set_list": [],
            "set_sensitive": [],
            "skip_crds": false,
            "status": "deployed",
            "timeout": 300,
            "values": null,
            "verify": false,
            "version": "1.7.1",
            "wait": true,
            "wait_for_jobs": false
          },
          "sensitive_attributes": [],
          "private": "eyJzY2hlbWFfdmVyc2lvbiI6IjEifQ==",
          "dependencies": [
            "module.aws-load-balancer-controller.aws_iam_role.aws-load-balancer-controller",
            "module.aws-load-balancer-controller.data.aws_caller_identity.current",
            "module.aws-load-balancer-controller.data.aws_eks_cluster.revive",
            "module.aws-load-balancer-controller.data.aws_eks_cluster_auth.revive"
          ]
        }
      ]
    }
  ],
  "check_results": null
}
