{"format_version":"0.1","terraform_version":"1.0.0","variables":{"availability_zone":{"value":["us-east-1a","us-east-1b","us-east-1c"]},"aws_region":{"value":"us-east-1"},"cidr_block":{"value":"10.0.0.0/16"},"num_nat":{"value":1},"tags":{"value":{"cloud_provider":"aws","create_by":"Terraform","environment":"dev","id":"1300","owner":"phase5","project":"revive-vpc","teams":"PD"}},"vpc":{"value":{"enable_dns_hostnames":"true","enable_dns_support":"true","instance_tenancy":"default"}}},"planned_values":{"outputs":{"eip":{"sensitive":false},"eip_id":{"sensitive":false},"subnet_id":{"sensitive":false},"vpc_id":{"sensitive":true}},"root_module":{"resources":[{"address":"aws_eip.revive_eip[0]","mode":"managed","type":"aws_eip","name":"revive_eip","index":0,"provider_name":"registry.terraform.io/hashicorp/aws","schema_version":0,"values":{"address":null,"associate_with_private_ip":"10.0.0.12","customer_owned_ipv4_pool":null,"tags":{"Name":"revive-1300-eip-1","cloud_provider":"aws","create_by":"Terraform","environment":"dev","id":"1300","owner":"phase5","project":"revive-vpc","teams":"PD"},"tags_all":{"Name":"revive-1300-eip-1","cloud_provider":"aws","create_by":"Terraform","environment":"dev","id":"1300","owner":"phase5","project":"revive-vpc","teams":"PD"},"timeouts":null,"vpc":true}},{"address":"aws_eip.revive_eip[1]","mode":"managed","type":"aws_eip","name":"revive_eip","index":1,"provider_name":"registry.terraform.io/hashicorp/aws","schema_version":0,"values":{"address":null,"associate_with_private_ip":"10.0.0.12","customer_owned_ipv4_pool":null,"tags":{"Name":"revive-1300-eip-2","cloud_provider":"aws","create_by":"Terraform","environment":"dev","id":"1300","owner":"phase5","project":"revive-vpc","teams":"PD"},"tags_all":{"Name":"revive-1300-eip-2","cloud_provider":"aws","create_by":"Terraform","environment":"dev","id":"1300","owner":"phase5","project":"revive-vpc","teams":"PD"},"timeouts":null,"vpc":true}},{"address":"aws_eip.revive_eip[2]","mode":"managed","type":"aws_eip","name":"revive_eip","index":2,"provider_name":"registry.terraform.io/hashicorp/aws","schema_version":0,"values":{"address":null,"associate_with_private_ip":"10.0.0.12","customer_owned_ipv4_pool":null,"tags":{"Name":"revive-1300-eip-3","cloud_provider":"aws","create_by":"Terraform","environment":"dev","id":"1300","owner":"phase5","project":"revive-vpc","teams":"PD"},"tags_all":{"Name":"revive-1300-eip-3","cloud_provider":"aws","create_by":"Terraform","environment":"dev","id":"1300","owner":"phase5","project":"revive-vpc","teams":"PD"},"timeouts":null,"vpc":true}},{"address":"aws_internet_gateway.revive_igw","mode":"managed","type":"aws_internet_gateway","name":"revive_igw","provider_name":"registry.terraform.io/hashicorp/aws","schema_version":0,"values":{"tags":{"Name":"revive-1300-igw","cloud_provider":"aws","create_by":"Terraform","environment":"dev","id":"1300","owner":"phase5","project":"revive-vpc","teams":"PD"},"tags_all":{"Name":"revive-1300-igw","cloud_provider":"aws","create_by":"Terraform","environment":"dev","id":"1300","owner":"phase5","project":"revive-vpc","teams":"PD"},"timeouts":null}},{"address":"aws_nat_gateway.revive_nat_gateway[0]","mode":"managed","type":"aws_nat_gateway","name":"revive_nat_gateway","index":0,"provider_name":"registry.terraform.io/hashicorp/aws","schema_version":0,"values":{"connectivity_type":"public","tags":{"Name":"revive-1300-nat-gateway-1","cloud_provider":"aws","create_by":"Terraform","environment":"dev","id":"1300","owner":"phase5","project":"revive-vpc","teams":"PD"},"tags_all":{"Name":"revive-1300-nat-gateway-1","cloud_provider":"aws","create_by":"Terraform","environment":"dev","id":"1300","owner":"phase5","project":"revive-vpc","teams":"PD"}}},{"address":"aws_route_table.revive_private_rt[0]","mode":"managed","type":"aws_route_table","name":"revive_private_rt","index":0,"provider_name":"registry.terraform.io/hashicorp/aws","schema_version":0,"values":{"route":[{"carrier_gateway_id":"","cidr_block":"0.0.0.0/0","core_network_arn":"","destination_prefix_list_id":"","egress_only_gateway_id":"","gateway_id":"","instance_id":"","ipv6_cidr_block":"","local_gateway_id":"","network_interface_id":"","transit_gateway_id":"","vpc_endpoint_id":"","vpc_peering_connection_id":""}],"tags":{"Name":"1300-revive_private_rt-0","cloud_provider":"aws","create_by":"Terraform","environment":"dev","id":"1300","owner":"phase5","project":"revive-vpc","teams":"PD"},"tags_all":{"Name":"1300-revive_private_rt-0","cloud_provider":"aws","create_by":"Terraform","environment":"dev","id":"1300","owner":"phase5","project":"revive-vpc","teams":"PD"},"timeouts":null}},{"address":"aws_route_table.revive_private_rt[1]","mode":"managed","type":"aws_route_table","name":"revive_private_rt","index":1,"provider_name":"registry.terraform.io/hashicorp/aws","schema_version":0,"values":{"route":[{"carrier_gateway_id":"","cidr_block":"0.0.0.0/0","core_network_arn":"","destination_prefix_list_id":"","egress_only_gateway_id":"","gateway_id":"","instance_id":"","ipv6_cidr_block":"","local_gateway_id":"","network_interface_id":"","transit_gateway_id":"","vpc_endpoint_id":"","vpc_peering_connection_id":""}],"tags":{"Name":"1300-revive_private_rt-1","cloud_provider":"aws","create_by":"Terraform","environment":"dev","id":"1300","owner":"phase5","project":"revive-vpc","teams":"PD"},"tags_all":{"Name":"1300-revive_private_rt-1","cloud_provider":"aws","create_by":"Terraform","environment":"dev","id":"1300","owner":"phase5","project":"revive-vpc","teams":"PD"},"timeouts":null}},{"address":"aws_route_table.revive_private_rt[2]","mode":"managed","type":"aws_route_table","name":"revive_private_rt","index":2,"provider_name":"registry.terraform.io/hashicorp/aws","schema_version":0,"values":{"route":[{"carrier_gateway_id":"","cidr_block":"0.0.0.0/0","core_network_arn":"","destination_prefix_list_id":"","egress_only_gateway_id":"","gateway_id":"","instance_id":"","ipv6_cidr_block":"","local_gateway_id":"","network_interface_id":"","transit_gateway_id":"","vpc_endpoint_id":"","vpc_peering_connection_id":""}],"tags":{"Name":"1300-revive_private_rt-2","cloud_provider":"aws","create_by":"Terraform","environment":"dev","id":"1300","owner":"phase5","project":"revive-vpc","teams":"PD"},"tags_all":{"Name":"1300-revive_private_rt-2","cloud_provider":"aws","create_by":"Terraform","environment":"dev","id":"1300","owner":"phase5","project":"revive-vpc","teams":"PD"},"timeouts":null}},{"address":"aws_route_table.revive_public_rt","mode":"managed","type":"aws_route_table","name":"revive_public_rt","provider_name":"registry.terraform.io/hashicorp/aws","schema_version":0,"values":{"route":[{"carrier_gateway_id":"","cidr_block":"0.0.0.0/0","core_network_arn":"","destination_prefix_list_id":"","egress_only_gateway_id":"","instance_id":"","ipv6_cidr_block":"","local_gateway_id":"","nat_gateway_id":"","network_interface_id":"","transit_gateway_id":"","vpc_endpoint_id":"","vpc_peering_connection_id":""}],"tags":{"Name":"1300-revive_public_rt","cloud_provider":"aws","create_by":"Terraform","environment":"dev","id":"1300","owner":"phase5","project":"revive-vpc","teams":"PD"},"tags_all":{"Name":"1300-revive_public_rt","cloud_provider":"aws","create_by":"Terraform","environment":"dev","id":"1300","owner":"phase5","project":"revive-vpc","teams":"PD"},"timeouts":null}},{"address":"aws_route_table_association.revive_private_rt_associate[0]","mode":"managed","type":"aws_route_table_association","name":"revive_private_rt_associate","index":0,"provider_name":"registry.terraform.io/hashicorp/aws","schema_version":0,"values":{"gateway_id":null,"timeouts":null}},{"address":"aws_route_table_association.revive_private_rt_associate[1]","mode":"managed","type":"aws_route_table_association","name":"revive_private_rt_associate","index":1,"provider_name":"registry.terraform.io/hashicorp/aws","schema_version":0,"values":{"gateway_id":null,"timeouts":null}},{"address":"aws_route_table_association.revive_private_rt_associate[2]","mode":"managed","type":"aws_route_table_association","name":"revive_private_rt_associate","index":2,"provider_name":"registry.terraform.io/hashicorp/aws","schema_version":0,"values":{"gateway_id":null,"timeouts":null}},{"address":"aws_route_table_association.revive_public_rt_associate[0]","mode":"managed","type":"aws_route_table_association","name":"revive_public_rt_associate","index":0,"provider_name":"registry.terraform.io/hashicorp/aws","schema_version":0,"values":{"gateway_id":null,"timeouts":null}},{"address":"aws_route_table_association.revive_public_rt_associate[1]","mode":"managed","type":"aws_route_table_association","name":"revive_public_rt_associate","index":1,"provider_name":"registry.terraform.io/hashicorp/aws","schema_version":0,"values":{"gateway_id":null,"timeouts":null}},{"address":"aws_route_table_association.revive_public_rt_associate[2]","mode":"managed","type":"aws_route_table_association","name":"revive_public_rt_associate","index":2,"provider_name":"registry.terraform.io/hashicorp/aws","schema_version":0,"values":{"gateway_id":null,"timeouts":null}},{"address":"aws_subnet.revive_subnet_private[0]","mode":"managed","type":"aws_subnet","name":"revive_subnet_private","index":0,"provider_name":"registry.terraform.io/hashicorp/aws","schema_version":1,"values":{"assign_ipv6_address_on_creation":false,"availability_zone":"us-east-1a","cidr_block":"10.0.24.0/21","customer_owned_ipv4_pool":null,"enable_dns64":false,"enable_lni_at_device_index":null,"enable_resource_name_dns_a_record_on_launch":false,"enable_resource_name_dns_aaaa_record_on_launch":false,"ipv6_cidr_block":null,"ipv6_native":false,"map_customer_owned_ip_on_launch":null,"map_public_ip_on_launch":false,"outpost_arn":null,"tags":{"Name":"revive-1300-pri_subnet-1","cloud_provider":"aws","create_by":"Terraform","environment":"dev","id":"1300","owner":"phase5","project":"revive-vpc","teams":"PD","tier":"private"},"tags_all":{"Name":"revive-1300-pri_subnet-1","cloud_provider":"aws","create_by":"Terraform","environment":"dev","id":"1300","owner":"phase5","project":"revive-vpc","teams":"PD","tier":"private"},"timeouts":null}},{"address":"aws_subnet.revive_subnet_private[1]","mode":"managed","type":"aws_subnet","name":"revive_subnet_private","index":1,"provider_name":"registry.terraform.io/hashicorp/aws","schema_version":1,"values":{"assign_ipv6_address_on_creation":false,"availability_zone":"us-east-1b","cidr_block":"10.0.32.0/21","customer_owned_ipv4_pool":null,"enable_dns64":false,"enable_lni_at_device_index":null,"enable_resource_name_dns_a_record_on_launch":false,"enable_resource_name_dns_aaaa_record_on_launch":false,"ipv6_cidr_block":null,"ipv6_native":false,"map_customer_owned_ip_on_launch":null,"map_public_ip_on_launch":false,"outpost_arn":null,"tags":{"Name":"revive-1300-pri_subnet-2","cloud_provider":"aws","create_by":"Terraform","environment":"dev","id":"1300","owner":"phase5","project":"revive-vpc","teams":"PD","tier":"private"},"tags_all":{"Name":"revive-1300-pri_subnet-2","cloud_provider":"aws","create_by":"Terraform","environment":"dev","id":"1300","owner":"phase5","project":"revive-vpc","teams":"PD","tier":"private"},"timeouts":null}},{"address":"aws_subnet.revive_subnet_private[2]","mode":"managed","type":"aws_subnet","name":"revive_subnet_private","index":2,"provider_name":"registry.terraform.io/hashicorp/aws","schema_version":1,"values":{"assign_ipv6_address_on_creation":false,"availability_zone":"us-east-1c","cidr_block":"10.0.40.0/21","customer_owned_ipv4_pool":null,"enable_dns64":false,"enable_lni_at_device_index":null,"enable_resource_name_dns_a_record_on_launch":false,"enable_resource_name_dns_aaaa_record_on_launch":false,"ipv6_cidr_block":null,"ipv6_native":false,"map_customer_owned_ip_on_launch":null,"map_public_ip_on_launch":false,"outpost_arn":null,"tags":{"Name":"revive-1300-pri_subnet-3","cloud_provider":"aws","create_by":"Terraform","environment":"dev","id":"1300","owner":"phase5","project":"revive-vpc","teams":"PD","tier":"private"},"tags_all":{"Name":"revive-1300-pri_subnet-3","cloud_provider":"aws","create_by":"Terraform","environment":"dev","id":"1300","owner":"phase5","project":"revive-vpc","teams":"PD","tier":"private"},"timeouts":null}},{"address":"aws_subnet.revive_subnet_pub[0]","mode":"managed","type":"aws_subnet","name":"revive_subnet_pub","index":0,"provider_name":"registry.terraform.io/hashicorp/aws","schema_version":1,"values":{"assign_ipv6_address_on_creation":false,"availability_zone":"us-east-1a","cidr_block":"10.0.3.0/24","customer_owned_ipv4_pool":null,"enable_dns64":false,"enable_lni_at_device_index":null,"enable_resource_name_dns_a_record_on_launch":false,"enable_resource_name_dns_aaaa_record_on_launch":false,"ipv6_cidr_block":null,"ipv6_native":false,"map_customer_owned_ip_on_launch":null,"map_public_ip_on_launch":false,"outpost_arn":null,"tags":{"Name":"revive-1300-pub_subnet-1","cloud_provider":"aws","create_by":"Terraform","environment":"dev","id":"1300","owner":"phase5","project":"revive-vpc","teams":"PD","tier":"public"},"tags_all":{"Name":"revive-1300-pub_subnet-1","cloud_provider":"aws","create_by":"Terraform","environment":"dev","id":"1300","owner":"phase5","project":"revive-vpc","teams":"PD","tier":"public"},"timeouts":null}},{"address":"aws_subnet.revive_subnet_pub[1]","mode":"managed","type":"aws_subnet","name":"revive_subnet_pub","index":1,"provider_name":"registry.terraform.io/hashicorp/aws","schema_version":1,"values":{"assign_ipv6_address_on_creation":false,"availability_zone":"us-east-1b","cidr_block":"10.0.4.0/24","customer_owned_ipv4_pool":null,"enable_dns64":false,"enable_lni_at_device_index":null,"enable_resource_name_dns_a_record_on_launch":false,"enable_resource_name_dns_aaaa_record_on_launch":false,"ipv6_cidr_block":null,"ipv6_native":false,"map_customer_owned_ip_on_launch":null,"map_public_ip_on_launch":false,"outpost_arn":null,"tags":{"Name":"revive-1300-pub_subnet-2","cloud_provider":"aws","create_by":"Terraform","environment":"dev","id":"1300","owner":"phase5","project":"revive-vpc","teams":"PD","tier":"public"},"tags_all":{"Name":"revive-1300-pub_subnet-2","cloud_provider":"aws","create_by":"Terraform","environment":"dev","id":"1300","owner":"phase5","project":"revive-vpc","teams":"PD","tier":"public"},"timeouts":null}},{"address":"aws_subnet.revive_subnet_pub[2]","mode":"managed","type":"aws_subnet","name":"revive_subnet_pub","index":2,"provider_name":"registry.terraform.io/hashicorp/aws","schema_version":1,"values":{"assign_ipv6_address_on_creation":false,"availability_zone":"us-east-1c","cidr_block":"10.0.5.0/24","customer_owned_ipv4_pool":null,"enable_dns64":false,"enable_lni_at_device_index":null,"enable_resource_name_dns_a_record_on_launch":false,"enable_resource_name_dns_aaaa_record_on_launch":false,"ipv6_cidr_block":null,"ipv6_native":false,"map_customer_owned_ip_on_launch":null,"map_public_ip_on_launch":false,"outpost_arn":null,"tags":{"Name":"revive-1300-pub_subnet-3","cloud_provider":"aws","create_by":"Terraform","environment":"dev","id":"1300","owner":"phase5","project":"revive-vpc","teams":"PD","tier":"public"},"tags_all":{"Name":"revive-1300-pub_subnet-3","cloud_provider":"aws","create_by":"Terraform","environment":"dev","id":"1300","owner":"phase5","project":"revive-vpc","teams":"PD","tier":"public"},"timeouts":null}},{"address":"aws_vpc.revive_vpc","mode":"managed","type":"aws_vpc","name":"revive_vpc","provider_name":"registry.terraform.io/hashicorp/aws","schema_version":1,"values":{"assign_generated_ipv6_cidr_block":null,"cidr_block":"10.0.0.0/16","enable_dns_hostnames":true,"enable_dns_support":true,"instance_tenancy":"default","ipv4_ipam_pool_id":null,"ipv4_netmask_length":null,"ipv6_ipam_pool_id":null,"ipv6_netmask_length":null,"tags":{"Name":"revive-1300-vpc","cloud_provider":"aws","create_by":"Terraform","environment":"dev","id":"1300","owner":"phase5","project":"revive-vpc","teams":"PD"},"tags_all":{"Name":"revive-1300-vpc","cloud_provider":"aws","create_by":"Terraform","environment":"dev","id":"1300","owner":"phase5","project":"revive-vpc","teams":"PD"}}}]}},"resource_changes":[{"address":"aws_eip.revive_eip[0]","mode":"managed","type":"aws_eip","name":"revive_eip","index":0,"provider_name":"registry.terraform.io/hashicorp/aws","change":{"actions":["create"],"before":null,"after":{"address":null,"associate_with_private_ip":"10.0.0.12","customer_owned_ipv4_pool":null,"tags":{"Name":"revive-1300-eip-1","cloud_provider":"aws","create_by":"Terraform","environment":"dev","id":"1300","owner":"phase5","project":"revive-vpc","teams":"PD"},"tags_all":{"Name":"revive-1300-eip-1","cloud_provider":"aws","create_by":"Terraform","environment":"dev","id":"1300","owner":"phase5","project":"revive-vpc","teams":"PD"},"timeouts":null,"vpc":true},"after_unknown":{"allocation_id":true,"association_id":true,"carrier_ip":true,"customer_owned_ip":true,"domain":true,"id":true,"instance":true,"network_border_group":true,"network_interface":true,"private_dns":true,"private_ip":true,"public_dns":true,"public_ip":true,"public_ipv4_pool":true,"tags":{},"tags_all":{}},"before_sensitive":false,"after_sensitive":{"tags":{},"tags_all":{}}}},{"address":"aws_eip.revive_eip[1]","mode":"managed","type":"aws_eip","name":"revive_eip","index":1,"provider_name":"registry.terraform.io/hashicorp/aws","change":{"actions":["create"],"before":null,"after":{"address":null,"associate_with_private_ip":"10.0.0.12","customer_owned_ipv4_pool":null,"tags":{"Name":"revive-1300-eip-2","cloud_provider":"aws","create_by":"Terraform","environment":"dev","id":"1300","owner":"phase5","project":"revive-vpc","teams":"PD"},"tags_all":{"Name":"revive-1300-eip-2","cloud_provider":"aws","create_by":"Terraform","environment":"dev","id":"1300","owner":"phase5","project":"revive-vpc","teams":"PD"},"timeouts":null,"vpc":true},"after_unknown":{"allocation_id":true,"association_id":true,"carrier_ip":true,"customer_owned_ip":true,"domain":true,"id":true,"instance":true,"network_border_group":true,"network_interface":true,"private_dns":true,"private_ip":true,"public_dns":true,"public_ip":true,"public_ipv4_pool":true,"tags":{},"tags_all":{}},"before_sensitive":false,"after_sensitive":{"tags":{},"tags_all":{}}}},{"address":"aws_eip.revive_eip[2]","mode":"managed","type":"aws_eip","name":"revive_eip","index":2,"provider_name":"registry.terraform.io/hashicorp/aws","change":{"actions":["create"],"before":null,"after":{"address":null,"associate_with_private_ip":"10.0.0.12","customer_owned_ipv4_pool":null,"tags":{"Name":"revive-1300-eip-3","cloud_provider":"aws","create_by":"Terraform","environment":"dev","id":"1300","owner":"phase5","project":"revive-vpc","teams":"PD"},"tags_all":{"Name":"revive-1300-eip-3","cloud_provider":"aws","create_by":"Terraform","environment":"dev","id":"1300","owner":"phase5","project":"revive-vpc","teams":"PD"},"timeouts":null,"vpc":true},"after_unknown":{"allocation_id":true,"association_id":true,"carrier_ip":true,"customer_owned_ip":true,"domain":true,"id":true,"instance":true,"network_border_group":true,"network_interface":true,"private_dns":true,"private_ip":true,"public_dns":true,"public_ip":true,"public_ipv4_pool":true,"tags":{},"tags_all":{}},"before_sensitive":false,"after_sensitive":{"tags":{},"tags_all":{}}}},{"address":"aws_internet_gateway.revive_igw","mode":"managed","type":"aws_internet_gateway","name":"revive_igw","provider_name":"registry.terraform.io/hashicorp/aws","change":{"actions":["create"],"before":null,"after":{"tags":{"Name":"revive-1300-igw","cloud_provider":"aws","create_by":"Terraform","environment":"dev","id":"1300","owner":"phase5","project":"revive-vpc","teams":"PD"},"tags_all":{"Name":"revive-1300-igw","cloud_provider":"aws","create_by":"Terraform","environment":"dev","id":"1300","owner":"phase5","project":"revive-vpc","teams":"PD"},"timeouts":null},"after_unknown":{"arn":true,"id":true,"owner_id":true,"tags":{},"tags_all":{},"vpc_id":true},"before_sensitive":false,"after_sensitive":{"tags":{},"tags_all":{}}}},{"address":"aws_nat_gateway.revive_nat_gateway[0]","mode":"managed","type":"aws_nat_gateway","name":"revive_nat_gateway","index":0,"provider_name":"registry.terraform.io/hashicorp/aws","change":{"actions":["create"],"before":null,"after":{"connectivity_type":"public","tags":{"Name":"revive-1300-nat-gateway-1","cloud_provider":"aws","create_by":"Terraform","environment":"dev","id":"1300","owner":"phase5","project":"revive-vpc","teams":"PD"},"tags_all":{"Name":"revive-1300-nat-gateway-1","cloud_provider":"aws","create_by":"Terraform","environment":"dev","id":"1300","owner":"phase5","project":"revive-vpc","teams":"PD"}},"after_unknown":{"allocation_id":true,"association_id":true,"id":true,"network_interface_id":true,"private_ip":true,"public_ip":true,"subnet_id":true,"tags":{},"tags_all":{}},"before_sensitive":false,"after_sensitive":{"tags":{},"tags_all":{}}}},{"address":"aws_route_table.revive_private_rt[0]","mode":"managed","type":"aws_route_table","name":"revive_private_rt","index":0,"provider_name":"registry.terraform.io/hashicorp/aws","change":{"actions":["create"],"before":null,"after":{"route":[{"carrier_gateway_id":"","cidr_block":"0.0.0.0/0","core_network_arn":"","destination_prefix_list_id":"","egress_only_gateway_id":"","gateway_id":"","instance_id":"","ipv6_cidr_block":"","local_gateway_id":"","network_interface_id":"","transit_gateway_id":"","vpc_endpoint_id":"","vpc_peering_connection_id":""}],"tags":{"Name":"1300-revive_private_rt-0","cloud_provider":"aws","create_by":"Terraform","environment":"dev","id":"1300","owner":"phase5","project":"revive-vpc","teams":"PD"},"tags_all":{"Name":"1300-revive_private_rt-0","cloud_provider":"aws","create_by":"Terraform","environment":"dev","id":"1300","owner":"phase5","project":"revive-vpc","teams":"PD"},"timeouts":null},"after_unknown":{"arn":true,"id":true,"owner_id":true,"propagating_vgws":true,"route":[{"nat_gateway_id":true}],"tags":{},"tags_all":{},"vpc_id":true},"before_sensitive":false,"after_sensitive":{"propagating_vgws":[],"route":[{}],"tags":{},"tags_all":{}}}},{"address":"aws_route_table.revive_private_rt[1]","mode":"managed","type":"aws_route_table","name":"revive_private_rt","index":1,"provider_name":"registry.terraform.io/hashicorp/aws","change":{"actions":["create"],"before":null,"after":{"route":[{"carrier_gateway_id":"","cidr_block":"0.0.0.0/0","core_network_arn":"","destination_prefix_list_id":"","egress_only_gateway_id":"","gateway_id":"","instance_id":"","ipv6_cidr_block":"","local_gateway_id":"","network_interface_id":"","transit_gateway_id":"","vpc_endpoint_id":"","vpc_peering_connection_id":""}],"tags":{"Name":"1300-revive_private_rt-1","cloud_provider":"aws","create_by":"Terraform","environment":"dev","id":"1300","owner":"phase5","project":"revive-vpc","teams":"PD"},"tags_all":{"Name":"1300-revive_private_rt-1","cloud_provider":"aws","create_by":"Terraform","environment":"dev","id":"1300","owner":"phase5","project":"revive-vpc","teams":"PD"},"timeouts":null},"after_unknown":{"arn":true,"id":true,"owner_id":true,"propagating_vgws":true,"route":[{"nat_gateway_id":true}],"tags":{},"tags_all":{},"vpc_id":true},"before_sensitive":false,"after_sensitive":{"propagating_vgws":[],"route":[{}],"tags":{},"tags_all":{}}}},{"address":"aws_route_table.revive_private_rt[2]","mode":"managed","type":"aws_route_table","name":"revive_private_rt","index":2,"provider_name":"registry.terraform.io/hashicorp/aws","change":{"actions":["create"],"before":null,"after":{"route":[{"carrier_gateway_id":"","cidr_block":"0.0.0.0/0","core_network_arn":"","destination_prefix_list_id":"","egress_only_gateway_id":"","gateway_id":"","instance_id":"","ipv6_cidr_block":"","local_gateway_id":"","network_interface_id":"","transit_gateway_id":"","vpc_endpoint_id":"","vpc_peering_connection_id":""}],"tags":{"Name":"1300-revive_private_rt-2","cloud_provider":"aws","create_by":"Terraform","environment":"dev","id":"1300","owner":"phase5","project":"revive-vpc","teams":"PD"},"tags_all":{"Name":"1300-revive_private_rt-2","cloud_provider":"aws","create_by":"Terraform","environment":"dev","id":"1300","owner":"phase5","project":"revive-vpc","teams":"PD"},"timeouts":null},"after_unknown":{"arn":true,"id":true,"owner_id":true,"propagating_vgws":true,"route":[{"nat_gateway_id":true}],"tags":{},"tags_all":{},"vpc_id":true},"before_sensitive":false,"after_sensitive":{"propagating_vgws":[],"route":[{}],"tags":{},"tags_all":{}}}},{"address":"aws_route_table.revive_public_rt","mode":"managed","type":"aws_route_table","name":"revive_public_rt","provider_name":"registry.terraform.io/hashicorp/aws","change":{"actions":["create"],"before":null,"after":{"route":[{"carrier_gateway_id":"","cidr_block":"0.0.0.0/0","core_network_arn":"","destination_prefix_list_id":"","egress_only_gateway_id":"","instance_id":"","ipv6_cidr_block":"","local_gateway_id":"","nat_gateway_id":"","network_interface_id":"","transit_gateway_id":"","vpc_endpoint_id":"","vpc_peering_connection_id":""}],"tags":{"Name":"1300-revive_public_rt","cloud_provider":"aws","create_by":"Terraform","environment":"dev","id":"1300","owner":"phase5","project":"revive-vpc","teams":"PD"},"tags_all":{"Name":"1300-revive_public_rt","cloud_provider":"aws","create_by":"Terraform","environment":"dev","id":"1300","owner":"phase5","project":"revive-vpc","teams":"PD"},"timeouts":null},"after_unknown":{"arn":true,"id":true,"owner_id":true,"propagating_vgws":true,"route":[{"gateway_id":true}],"tags":{},"tags_all":{},"vpc_id":true},"before_sensitive":false,"after_sensitive":{"propagating_vgws":[],"route":[{}],"tags":{},"tags_all":{}}}},{"address":"aws_route_table_association.revive_private_rt_associate[0]","mode":"managed","type":"aws_route_table_association","name":"revive_private_rt_associate","index":0,"provider_name":"registry.terraform.io/hashicorp/aws","change":{"actions":["create"],"before":null,"after":{"gateway_id":null,"timeouts":null},"after_unknown":{"id":true,"route_table_id":true,"subnet_id":true},"before_sensitive":false,"after_sensitive":{}}},{"address":"aws_route_table_association.revive_private_rt_associate[1]","mode":"managed","type":"aws_route_table_association","name":"revive_private_rt_associate","index":1,"provider_name":"registry.terraform.io/hashicorp/aws","change":{"actions":["create"],"before":null,"after":{"gateway_id":null,"timeouts":null},"after_unknown":{"id":true,"route_table_id":true,"subnet_id":true},"before_sensitive":false,"after_sensitive":{}}},{"address":"aws_route_table_association.revive_private_rt_associate[2]","mode":"managed","type":"aws_route_table_association","name":"revive_private_rt_associate","index":2,"provider_name":"registry.terraform.io/hashicorp/aws","change":{"actions":["create"],"before":null,"after":{"gateway_id":null,"timeouts":null},"after_unknown":{"id":true,"route_table_id":true,"subnet_id":true},"before_sensitive":false,"after_sensitive":{}}},{"address":"aws_route_table_association.revive_public_rt_associate[0]","mode":"managed","type":"aws_route_table_association","name":"revive_public_rt_associate","index":0,"provider_name":"registry.terraform.io/hashicorp/aws","change":{"actions":["create"],"before":null,"after":{"gateway_id":null,"timeouts":null},"after_unknown":{"id":true,"route_table_id":true,"subnet_id":true},"before_sensitive":false,"after_sensitive":{}}},{"address":"aws_route_table_association.revive_public_rt_associate[1]","mode":"managed","type":"aws_route_table_association","name":"revive_public_rt_associate","index":1,"provider_name":"registry.terraform.io/hashicorp/aws","change":{"actions":["create"],"before":null,"after":{"gateway_id":null,"timeouts":null},"after_unknown":{"id":true,"route_table_id":true,"subnet_id":true},"before_sensitive":false,"after_sensitive":{}}},{"address":"aws_route_table_association.revive_public_rt_associate[2]","mode":"managed","type":"aws_route_table_association","name":"revive_public_rt_associate","index":2,"provider_name":"registry.terraform.io/hashicorp/aws","change":{"actions":["create"],"before":null,"after":{"gateway_id":null,"timeouts":null},"after_unknown":{"id":true,"route_table_id":true,"subnet_id":true},"before_sensitive":false,"after_sensitive":{}}},{"address":"aws_subnet.revive_subnet_private[0]","mode":"managed","type":"aws_subnet","name":"revive_subnet_private","index":0,"provider_name":"registry.terraform.io/hashicorp/aws","change":{"actions":["create"],"before":null,"after":{"assign_ipv6_address_on_creation":false,"availability_zone":"us-east-1a","cidr_block":"10.0.24.0/21","customer_owned_ipv4_pool":null,"enable_dns64":false,"enable_lni_at_device_index":null,"enable_resource_name_dns_a_record_on_launch":false,"enable_resource_name_dns_aaaa_record_on_launch":false,"ipv6_cidr_block":null,"ipv6_native":false,"map_customer_owned_ip_on_launch":null,"map_public_ip_on_launch":false,"outpost_arn":null,"tags":{"Name":"revive-1300-pri_subnet-1","cloud_provider":"aws","create_by":"Terraform","environment":"dev","id":"1300","owner":"phase5","project":"revive-vpc","teams":"PD","tier":"private"},"tags_all":{"Name":"revive-1300-pri_subnet-1","cloud_provider":"aws","create_by":"Terraform","environment":"dev","id":"1300","owner":"phase5","project":"revive-vpc","teams":"PD","tier":"private"},"timeouts":null},"after_unknown":{"arn":true,"availability_zone_id":true,"id":true,"ipv6_cidr_block_association_id":true,"owner_id":true,"private_dns_hostname_type_on_launch":true,"tags":{},"tags_all":{},"vpc_id":true},"before_sensitive":false,"after_sensitive":{"tags":{},"tags_all":{}}}},{"address":"aws_subnet.revive_subnet_private[1]","mode":"managed","type":"aws_subnet","name":"revive_subnet_private","index":1,"provider_name":"registry.terraform.io/hashicorp/aws","change":{"actions":["create"],"before":null,"after":{"assign_ipv6_address_on_creation":false,"availability_zone":"us-east-1b","cidr_block":"10.0.32.0/21","customer_owned_ipv4_pool":null,"enable_dns64":false,"enable_lni_at_device_index":null,"enable_resource_name_dns_a_record_on_launch":false,"enable_resource_name_dns_aaaa_record_on_launch":false,"ipv6_cidr_block":null,"ipv6_native":false,"map_customer_owned_ip_on_launch":null,"map_public_ip_on_launch":false,"outpost_arn":null,"tags":{"Name":"revive-1300-pri_subnet-2","cloud_provider":"aws","create_by":"Terraform","environment":"dev","id":"1300","owner":"phase5","project":"revive-vpc","teams":"PD","tier":"private"},"tags_all":{"Name":"revive-1300-pri_subnet-2","cloud_provider":"aws","create_by":"Terraform","environment":"dev","id":"1300","owner":"phase5","project":"revive-vpc","teams":"PD","tier":"private"},"timeouts":null},"after_unknown":{"arn":true,"availability_zone_id":true,"id":true,"ipv6_cidr_block_association_id":true,"owner_id":true,"private_dns_hostname_type_on_launch":true,"tags":{},"tags_all":{},"vpc_id":true},"before_sensitive":false,"after_sensitive":{"tags":{},"tags_all":{}}}},{"address":"aws_subnet.revive_subnet_private[2]","mode":"managed","type":"aws_subnet","name":"revive_subnet_private","index":2,"provider_name":"registry.terraform.io/hashicorp/aws","change":{"actions":["create"],"before":null,"after":{"assign_ipv6_address_on_creation":false,"availability_zone":"us-east-1c","cidr_block":"10.0.40.0/21","customer_owned_ipv4_pool":null,"enable_dns64":false,"enable_lni_at_device_index":null,"enable_resource_name_dns_a_record_on_launch":false,"enable_resource_name_dns_aaaa_record_on_launch":false,"ipv6_cidr_block":null,"ipv6_native":false,"map_customer_owned_ip_on_launch":null,"map_public_ip_on_launch":false,"outpost_arn":null,"tags":{"Name":"revive-1300-pri_subnet-3","cloud_provider":"aws","create_by":"Terraform","environment":"dev","id":"1300","owner":"phase5","project":"revive-vpc","teams":"PD","tier":"private"},"tags_all":{"Name":"revive-1300-pri_subnet-3","cloud_provider":"aws","create_by":"Terraform","environment":"dev","id":"1300","owner":"phase5","project":"revive-vpc","teams":"PD","tier":"private"},"timeouts":null},"after_unknown":{"arn":true,"availability_zone_id":true,"id":true,"ipv6_cidr_block_association_id":true,"owner_id":true,"private_dns_hostname_type_on_launch":true,"tags":{},"tags_all":{},"vpc_id":true},"before_sensitive":false,"after_sensitive":{"tags":{},"tags_all":{}}}},{"address":"aws_subnet.revive_subnet_pub[0]","mode":"managed","type":"aws_subnet","name":"revive_subnet_pub","index":0,"provider_name":"registry.terraform.io/hashicorp/aws","change":{"actions":["create"],"before":null,"after":{"assign_ipv6_address_on_creation":false,"availability_zone":"us-east-1a","cidr_block":"10.0.3.0/24","customer_owned_ipv4_pool":null,"enable_dns64":false,"enable_lni_at_device_index":null,"enable_resource_name_dns_a_record_on_launch":false,"enable_resource_name_dns_aaaa_record_on_launch":false,"ipv6_cidr_block":null,"ipv6_native":false,"map_customer_owned_ip_on_launch":null,"map_public_ip_on_launch":false,"outpost_arn":null,"tags":{"Name":"revive-1300-pub_subnet-1","cloud_provider":"aws","create_by":"Terraform","environment":"dev","id":"1300","owner":"phase5","project":"revive-vpc","teams":"PD","tier":"public"},"tags_all":{"Name":"revive-1300-pub_subnet-1","cloud_provider":"aws","create_by":"Terraform","environment":"dev","id":"1300","owner":"phase5","project":"revive-vpc","teams":"PD","tier":"public"},"timeouts":null},"after_unknown":{"arn":true,"availability_zone_id":true,"id":true,"ipv6_cidr_block_association_id":true,"owner_id":true,"private_dns_hostname_type_on_launch":true,"tags":{},"tags_all":{},"vpc_id":true},"before_sensitive":false,"after_sensitive":{"tags":{},"tags_all":{}}}},{"address":"aws_subnet.revive_subnet_pub[1]","mode":"managed","type":"aws_subnet","name":"revive_subnet_pub","index":1,"provider_name":"registry.terraform.io/hashicorp/aws","change":{"actions":["create"],"before":null,"after":{"assign_ipv6_address_on_creation":false,"availability_zone":"us-east-1b","cidr_block":"10.0.4.0/24","customer_owned_ipv4_pool":null,"enable_dns64":false,"enable_lni_at_device_index":null,"enable_resource_name_dns_a_record_on_launch":false,"enable_resource_name_dns_aaaa_record_on_launch":false,"ipv6_cidr_block":null,"ipv6_native":false,"map_customer_owned_ip_on_launch":null,"map_public_ip_on_launch":false,"outpost_arn":null,"tags":{"Name":"revive-1300-pub_subnet-2","cloud_provider":"aws","create_by":"Terraform","environment":"dev","id":"1300","owner":"phase5","project":"revive-vpc","teams":"PD","tier":"public"},"tags_all":{"Name":"revive-1300-pub_subnet-2","cloud_provider":"aws","create_by":"Terraform","environment":"dev","id":"1300","owner":"phase5","project":"revive-vpc","teams":"PD","tier":"public"},"timeouts":null},"after_unknown":{"arn":true,"availability_zone_id":true,"id":true,"ipv6_cidr_block_association_id":true,"owner_id":true,"private_dns_hostname_type_on_launch":true,"tags":{},"tags_all":{},"vpc_id":true},"before_sensitive":false,"after_sensitive":{"tags":{},"tags_all":{}}}},{"address":"aws_subnet.revive_subnet_pub[2]","mode":"managed","type":"aws_subnet","name":"revive_subnet_pub","index":2,"provider_name":"registry.terraform.io/hashicorp/aws","change":{"actions":["create"],"before":null,"after":{"assign_ipv6_address_on_creation":false,"availability_zone":"us-east-1c","cidr_block":"10.0.5.0/24","customer_owned_ipv4_pool":null,"enable_dns64":false,"enable_lni_at_device_index":null,"enable_resource_name_dns_a_record_on_launch":false,"enable_resource_name_dns_aaaa_record_on_launch":false,"ipv6_cidr_block":null,"ipv6_native":false,"map_customer_owned_ip_on_launch":null,"map_public_ip_on_launch":false,"outpost_arn":null,"tags":{"Name":"revive-1300-pub_subnet-3","cloud_provider":"aws","create_by":"Terraform","environment":"dev","id":"1300","owner":"phase5","project":"revive-vpc","teams":"PD","tier":"public"},"tags_all":{"Name":"revive-1300-pub_subnet-3","cloud_provider":"aws","create_by":"Terraform","environment":"dev","id":"1300","owner":"phase5","project":"revive-vpc","teams":"PD","tier":"public"},"timeouts":null},"after_unknown":{"arn":true,"availability_zone_id":true,"id":true,"ipv6_cidr_block_association_id":true,"owner_id":true,"private_dns_hostname_type_on_launch":true,"tags":{},"tags_all":{},"vpc_id":true},"before_sensitive":false,"after_sensitive":{"tags":{},"tags_all":{}}}},{"address":"aws_vpc.revive_vpc","mode":"managed","type":"aws_vpc","name":"revive_vpc","provider_name":"registry.terraform.io/hashicorp/aws","change":{"actions":["create"],"before":null,"after":{"assign_generated_ipv6_cidr_block":null,"cidr_block":"10.0.0.0/16","enable_dns_hostnames":true,"enable_dns_support":true,"instance_tenancy":"default","ipv4_ipam_pool_id":null,"ipv4_netmask_length":null,"ipv6_ipam_pool_id":null,"ipv6_netmask_length":null,"tags":{"Name":"revive-1300-vpc","cloud_provider":"aws","create_by":"Terraform","environment":"dev","id":"1300","owner":"phase5","project":"revive-vpc","teams":"PD"},"tags_all":{"Name":"revive-1300-vpc","cloud_provider":"aws","create_by":"Terraform","environment":"dev","id":"1300","owner":"phase5","project":"revive-vpc","teams":"PD"}},"after_unknown":{"arn":true,"default_network_acl_id":true,"default_route_table_id":true,"default_security_group_id":true,"dhcp_options_id":true,"enable_classiclink":true,"enable_classiclink_dns_support":true,"enable_network_address_usage_metrics":true,"id":true,"ipv6_association_id":true,"ipv6_cidr_block":true,"ipv6_cidr_block_network_border_group":true,"main_route_table_id":true,"owner_id":true,"tags":{},"tags_all":{}},"before_sensitive":false,"after_sensitive":{"tags":{},"tags_all":{}}}}],"output_changes":{"eip":{"actions":["create"],"before":null,"after_unknown":true,"before_sensitive":false,"after_sensitive":false},"eip_id":{"actions":["create"],"before":null,"after_unknown":true,"before_sensitive":false,"after_sensitive":false},"subnet_id":{"actions":["create"],"before":null,"after_unknown":true,"before_sensitive":false,"after_sensitive":false},"vpc_id":{"actions":["create"],"before":null,"after_unknown":true,"before_sensitive":true,"after_sensitive":true}},"configuration":{"provider_config":{"aws":{"name":"aws","version_constraint":"~\u003e 4.0","expressions":{"region":{"references":["var.aws_region"]}}}},"root_module":{"outputs":{"eip":{"expression":{"references":["aws_eip.revive_eip"]}},"eip_id":{"expression":{"references":["aws_eip.revive_eip"]}},"subnet_id":{"expression":{"references":["aws_subnet.revive_subnet_pub"]}},"vpc_id":{"sensitive":true,"expression":{"references":["aws_vpc.revive_vpc"]}}},"resources":[{"address":"aws_eip.revive_eip","mode":"managed","type":"aws_eip","name":"revive_eip","provider_config_key":"aws","expressions":{"associate_with_private_ip":{"constant_value":"10.0.0.12"},"tags":{"references":["var.tags","count.index","var.tags"]},"vpc":{"constant_value":true}},"schema_version":0,"count_expression":{"references":["var.availability_zone"]},"depends_on":["aws_internet_gateway.revive_igw"]},{"address":"aws_internet_gateway.revive_igw","mode":"managed","type":"aws_internet_gateway","name":"revive_igw","provider_config_key":"aws","expressions":{"tags":{"references":["var.tags","var.tags"]},"vpc_id":{"references":["aws_vpc.revive_vpc"]}},"schema_version":0},{"address":"aws_nat_gateway.revive_nat_gateway","mode":"managed","type":"aws_nat_gateway","name":"revive_nat_gateway","provider_config_key":"aws","expressions":{"allocation_id":{"references":["aws_eip.revive_eip","count.index"]},"connectivity_type":{"constant_value":"public"},"subnet_id":{"references":["aws_subnet.revive_subnet_pub","count.index"]},"tags":{"references":["var.tags","count.index","var.tags"]}},"schema_version":0,"count_expression":{"references":["var.tags","var.availability_zone","var.num_nat"]},"depends_on":["aws_internet_gateway.revive_igw"]},{"address":"aws_route_table.revive_private_rt","mode":"managed","type":"aws_route_table","name":"revive_private_rt","provider_config_key":"aws","expressions":{"tags":{"references":["var.tags","count.index","var.tags"]},"vpc_id":{"references":["aws_vpc.revive_vpc"]}},"schema_version":0,"count_expression":{"references":["var.availability_zone"]}},{"address":"aws_route_table.revive_public_rt","mode":"managed","type":"aws_route_table","name":"revive_public_rt","provider_config_key":"aws","expressions":{"tags":{"references":["var.tags","var.tags"]},"vpc_id":{"references":["aws_vpc.revive_vpc"]}},"schema_version":0},{"address":"aws_route_table_association.revive_private_rt_associate","mode":"managed","type":"aws_route_table_association","name":"revive_private_rt_associate","provider_config_key":"aws","expressions":{"route_table_id":{"references":["aws_route_table.revive_private_rt","count.index"]},"subnet_id":{"references":["aws_subnet.revive_subnet_private","count.index"]}},"schema_version":0,"count_expression":{"references":["var.availability_zone"]}},{"address":"aws_route_table_association.revive_public_rt_associate","mode":"managed","type":"aws_route_table_association","name":"revive_public_rt_associate","provider_config_key":"aws","expressions":{"route_table_id":{"references":["aws_route_table.revive_public_rt"]},"subnet_id":{"references":["aws_subnet.revive_subnet_pub","count.index"]}},"schema_version":0,"count_expression":{"references":["var.availability_zone"]}},{"address":"aws_subnet.revive_subnet_private","mode":"managed","type":"aws_subnet","name":"revive_subnet_private","provider_config_key":"aws","expressions":{"availability_zone":{"references":["var.availability_zone","count.index"]},"cidr_block":{"references":["var.cidr_block","count.index","var.availability_zone"]},"tags":{"references":["var.tags","count.index","var.tags"]},"vpc_id":{"references":["aws_vpc.revive_vpc"]}},"schema_version":1,"count_expression":{"references":["var.availability_zone"]}},{"address":"aws_subnet.revive_subnet_pub","mode":"managed","type":"aws_subnet","name":"revive_subnet_pub","provider_config_key":"aws","expressions":{"availability_zone":{"references":["var.availability_zone","count.index"]},"cidr_block":{"references":["var.cidr_block","count.index","var.availability_zone"]},"tags":{"references":["var.tags","count.index","var.tags"]},"vpc_id":{"references":["aws_vpc.revive_vpc"]}},"schema_version":1,"count_expression":{"references":["var.availability_zone"]}},{"address":"aws_vpc.revive_vpc","mode":"managed","type":"aws_vpc","name":"revive_vpc","provider_config_key":"aws","expressions":{"cidr_block":{"references":["var.cidr_block"]},"enable_dns_hostnames":{"references":["var.vpc"]},"enable_dns_support":{"references":["var.vpc"]},"instance_tenancy":{"references":["var.vpc"]},"tags":{"references":["var.tags","var.tags"]}},"schema_version":1}],"variables":{"availability_zone":{"default":["us-east-1a","us-east-1b","us-east-1c"]},"aws_region":{"default":"us-east-1","description":"your desire aws region"},"cidr_block":{"default":""},"num_nat":{"default":1},"tags":{"default":{"cloud_provider":"aws","create_by":"Terraform","environment":"dev","id":"1300","owner":"Phase5","project":"revive-vpc","teams":"PD"}},"vpc":{"default":{"enable_dns_hostnames":"true","enable_dns_support":"true","instance_tenancy":"default"}}}}}}
