{
  "version": 4,
  "terraform_version": "1.4.5",
  "serial": 46,
  "lineage": "07a8189b-4442-63b7-89ca-9fa66afc7cee",
  "outputs": {},
  "resources": [
    {
      "module": "module.eks-blue-green-node-group",
      "mode": "managed",
      "type": "aws_eks_node_group",
      "name": "blue-nodes",
      "provider": "module.eks-blue-green-node-group.provider[\"registry.terraform.io/hashicorp/aws\"]",
      "instances": [
        {
          "schema_version": 0,
          "attributes": {
            "ami_type": "AL2_x86_64",
            "arn": "arn:aws:eks:us-east-1:462792239034:nodegroup/2024-dev-revive/2024-dev-revive-blue-node-group/d8c6f8b3-c8d1-2887-716f-265b5cc96696",
            "capacity_type": "ON_DEMAND",
            "cluster_name": "2024-dev-revive",
            "disk_size": 10,
            "force_update_version": null,
            "id": "2024-dev-revive:2024-dev-revive-blue-node-group",
            "instance_types": [
              "t3.medium"
            ],
            "labels": {
              "deployment_nodegroup": "blue_green"
            },
            "launch_template": [],
            "node_group_name": "2024-dev-revive-blue-node-group",
            "node_group_name_prefix": "",
            "node_role_arn": "arn:aws:iam::462792239034:role/2024-dev-revive-blue-green-node-group-role",
            "release_version": "1.24.17-20240213",
            "remote_access": [
              {
                "ec2_ssh_key": "revive_bastion_keypair",
                "source_security_group_ids": null
              }
            ],
            "resources": [
              {
                "autoscaling_groups": [
                  {
                    "name": "eks-2024-dev-revive-blue-node-group-d8c6f8b3-c8d1-2887-716f-265b5cc96696"
                  }
                ],
                "remote_access_security_group_id": "sg-08287f5e86a826b73"
              }
            ],
            "scaling_config": [
              {
                "desired_size": 0,
                "max_size": 6,
                "min_size": 0
              }
            ],
            "status": "ACTIVE",
            "subnet_ids": [
              "subnet-02149dd198eea9b62",
              "subnet-040ca6eb4cf9e3977",
              "subnet-0cc5a15f888e1f29a"
            ],
            "tags": {
              "Name": "2024-dev-revive-green-node-group",
              "cloud_provider": "aws",
              "create_by": "EK-TECH Solutions",
              "environment": "dev",
              "id": "2024",
              "k8s.io/cluster-autoscaler/2024-dev-revive": "shared",
              "k8s.io/cluster-autoscaler/enabled": "true",
              "owner": "Devops Easy Learning",
              "project": "revive",
              "teams": "Phase-10-1"
            },
            "tags_all": {
              "Name": "2024-dev-revive-green-node-group",
              "cloud_provider": "aws",
              "create_by": "EK-TECH Solutions",
              "environment": "dev",
              "id": "2024",
              "k8s.io/cluster-autoscaler/2024-dev-revive": "shared",
              "k8s.io/cluster-autoscaler/enabled": "true",
              "owner": "Devops Easy Learning",
              "project": "revive",
              "teams": "Phase-10-1"
            },
            "taint": [],
            "timeouts": null,
            "update_config": [
              {
                "max_unavailable": 1,
                "max_unavailable_percentage": 0
              }
            ],
            "version": "1.24"
          },
          "sensitive_attributes": [],
          "private": "eyJlMmJmYjczMC1lY2FhLTExZTYtOGY4OC0zNDM2M2JjN2M0YzAiOnsiY3JlYXRlIjozNjAwMDAwMDAwMDAwLCJkZWxldGUiOjM2MDAwMDAwMDAwMDAsInVwZGF0ZSI6MzYwMDAwMDAwMDAwMH19",
          "dependencies": [
            "module.eks-blue-green-node-group.aws_iam_role.nodes"
          ]
        }
      ]
    },
    {
      "module": "module.eks-blue-green-node-group",
      "mode": "managed",
      "type": "aws_eks_node_group",
      "name": "green-nodes",
      "provider": "module.eks-blue-green-node-group.provider[\"registry.terraform.io/hashicorp/aws\"]",
      "instances": [
        {
          "schema_version": 0,
          "attributes": {
            "ami_type": "AL2_x86_64",
            "arn": "arn:aws:eks:us-east-1:462792239034:nodegroup/2024-dev-revive/2024-dev-revive-green-node-group/c6c6f8b3-c8d1-274c-e5aa-c04b1e2ef07d",
            "capacity_type": "ON_DEMAND",
            "cluster_name": "2024-dev-revive",
            "disk_size": 10,
            "force_update_version": null,
            "id": "2024-dev-revive:2024-dev-revive-green-node-group",
            "instance_types": [
              "t3.medium"
            ],
            "labels": {
              "deployment_nodegroup": "blue_green"
            },
            "launch_template": [],
            "node_group_name": "2024-dev-revive-green-node-group",
            "node_group_name_prefix": "",
            "node_role_arn": "arn:aws:iam::462792239034:role/2024-dev-revive-blue-green-node-group-role",
            "release_version": "1.24.17-20240213",
            "remote_access": [],
            "resources": [
              {
                "autoscaling_groups": [
                  {
                    "name": "eks-2024-dev-revive-green-node-group-c6c6f8b3-c8d1-274c-e5aa-c04b1e2ef07d"
                  }
                ],
                "remote_access_security_group_id": ""
              }
            ],
            "scaling_config": [
              {
                "desired_size": 4,
                "max_size": 6,
                "min_size": 4
              }
            ],
            "status": "ACTIVE",
            "subnet_ids": [
              "subnet-02149dd198eea9b62",
              "subnet-040ca6eb4cf9e3977",
              "subnet-0cc5a15f888e1f29a"
            ],
            "tags": {
              "Name": "2024-dev-revive-green-node-group",
              "cloud_provider": "aws",
              "create_by": "EK-TECH Solutions",
              "environment": "dev",
              "id": "2024",
              "k8s.io/cluster-autoscaler/2024-dev-revive": "shared",
              "k8s.io/cluster-autoscaler/enabled": "true",
              "owner": "Devops Easy Learning",
              "project": "revive",
              "teams": "Phase-10-1"
            },
            "tags_all": {
              "Name": "2024-dev-revive-green-node-group",
              "cloud_provider": "aws",
              "create_by": "EK-TECH Solutions",
              "environment": "dev",
              "id": "2024",
              "k8s.io/cluster-autoscaler/2024-dev-revive": "shared",
              "k8s.io/cluster-autoscaler/enabled": "true",
              "owner": "Devops Easy Learning",
              "project": "revive",
              "teams": "Phase-10-1"
            },
            "taint": [],
            "timeouts": null,
            "update_config": [
              {
                "max_unavailable": 1,
                "max_unavailable_percentage": 0
              }
            ],
            "version": "1.24"
          },
          "sensitive_attributes": [],
          "private": "eyJlMmJmYjczMC1lY2FhLTExZTYtOGY4OC0zNDM2M2JjN2M0YzAiOnsiY3JlYXRlIjozNjAwMDAwMDAwMDAwLCJkZWxldGUiOjM2MDAwMDAwMDAwMDAsInVwZGF0ZSI6MzYwMDAwMDAwMDAwMH19",
          "dependencies": [
            "module.eks-blue-green-node-group.aws_iam_role.nodes"
          ]
        }
      ]
    },
    {
      "module": "module.eks-blue-green-node-group",
      "mode": "managed",
      "type": "aws_iam_role",
      "name": "nodes",
      "provider": "module.eks-blue-green-node-group.provider[\"registry.terraform.io/hashicorp/aws\"]",
      "instances": [
        {
          "schema_version": 0,
          "attributes": {
            "arn": "arn:aws:iam::462792239034:role/2024-dev-revive-blue-green-node-group-role",
            "assume_role_policy": "{\"Statement\":[{\"Action\":\"sts:AssumeRole\",\"Effect\":\"Allow\",\"Principal\":{\"Service\":\"ec2.amazonaws.com\"}}],\"Version\":\"2012-10-17\"}",
            "create_date": "2024-02-28T20:28:32Z",
            "description": "",
            "force_detach_policies": false,
            "id": "2024-dev-revive-blue-green-node-group-role",
            "inline_policy": [],
            "managed_policy_arns": [],
            "max_session_duration": 3600,
            "name": "2024-dev-revive-blue-green-node-group-role",
            "name_prefix": "",
            "path": "/",
            "permissions_boundary": null,
            "role_last_used": [
              {
                "last_used_date": "",
                "region": ""
              }
            ],
            "tags": null,
            "tags_all": {},
            "unique_id": "AROAWXQERE65PU52YNNX3"
          },
          "sensitive_attributes": [],
          "private": "bnVsbA=="
        }
      ]
    },
    {
      "module": "module.eks-blue-green-node-group",
      "mode": "managed",
      "type": "aws_iam_role_policy",
      "name": "external_dns_policy",
      "provider": "module.eks-blue-green-node-group.provider[\"registry.terraform.io/hashicorp/aws\"]",
      "instances": [
        {
          "schema_version": 0,
          "attributes": {
            "id": "2024-dev-revive-blue-green-node-group-role:2024-dev-revive-blue-green-external-dns-policy",
            "name": "2024-dev-revive-blue-green-external-dns-policy",
            "name_prefix": null,
            "policy": "{\"Version\":\"2012-10-17\",\"Statement\":[{\"Action\":[\"route53:ChangeResourceRecordSets\"],\"Effect\":\"Allow\",\"Resource\":[\"arn:aws:route53:::hostedzone/*\"]},{\"Action\":[\"route53:ListHostedZones\",\"route53:ListResourceRecordSets\"],\"Effect\":\"Allow\",\"Resource\":[\"*\"]}]}",
            "role": "2024-dev-revive-blue-green-node-group-role"
          },
          "sensitive_attributes": [],
          "private": "bnVsbA==",
          "dependencies": [
            "module.eks-blue-green-node-group.aws_iam_role.nodes"
          ]
        }
      ]
    },
    {
      "module": "module.eks-blue-green-node-group",
      "mode": "managed",
      "type": "aws_iam_role_policy",
      "name": "node-group-ClusterAutoscalerPolicy",
      "provider": "module.eks-blue-green-node-group.provider[\"registry.terraform.io/hashicorp/aws\"]",
      "instances": [
        {
          "schema_version": 0,
          "attributes": {
            "id": "2024-dev-revive-blue-green-node-group-role:2024-dev-revive-blue-green-cluster-auto-scaler-policy",
            "name": "2024-dev-revive-blue-green-cluster-auto-scaler-policy",
            "name_prefix": null,
            "policy": "{\"Version\":\"2012-10-17\",\"Statement\":[{\"Action\":[\"autoscaling:DescribeAutoScalingGroups\",\"autoscaling:DescribeAutoScalingInstances\",\"autoscaling:DescribeLaunchConfigurations\",\"autoscaling:DescribeTags\",\"autoscaling:SetDesiredCapacity\",\"autoscaling:TerminateInstanceInAutoScalingGroup\",\"ec2:DescribeLaunchTemplateVersions\"],\"Effect\":\"Allow\",\"Resource\":\"*\"}]}",
            "role": "2024-dev-revive-blue-green-node-group-role"
          },
          "sensitive_attributes": [],
          "private": "bnVsbA==",
          "dependencies": [
            "module.eks-blue-green-node-group.aws_iam_role.nodes"
          ]
        }
      ]
    },
    {
      "module": "module.eks-blue-green-node-group",
      "mode": "managed",
      "type": "aws_iam_role_policy_attachment",
      "name": "nodes-AmazonEC2ContainerRegistryReadOnly",
      "provider": "module.eks-blue-green-node-group.provider[\"registry.terraform.io/hashicorp/aws\"]",
      "instances": [
        {
          "schema_version": 0,
          "attributes": {
            "id": "2024-dev-revive-blue-green-node-group-role-20240228202833085500000005",
            "policy_arn": "arn:aws:iam::aws:policy/AmazonEC2ContainerRegistryReadOnly",
            "role": "2024-dev-revive-blue-green-node-group-role"
          },
          "sensitive_attributes": [],
          "private": "bnVsbA==",
          "dependencies": [
            "module.eks-blue-green-node-group.aws_iam_role.nodes"
          ]
        }
      ]
    },
    {
      "module": "module.eks-blue-green-node-group",
      "mode": "managed",
      "type": "aws_iam_role_policy_attachment",
      "name": "nodes-AmazonEKSWorkerNodePolicy",
      "provider": "module.eks-blue-green-node-group.provider[\"registry.terraform.io/hashicorp/aws\"]",
      "instances": [
        {
          "schema_version": 0,
          "attributes": {
            "id": "2024-dev-revive-blue-green-node-group-role-20240228202832974200000003",
            "policy_arn": "arn:aws:iam::aws:policy/AmazonEKSWorkerNodePolicy",
            "role": "2024-dev-revive-blue-green-node-group-role"
          },
          "sensitive_attributes": [],
          "private": "bnVsbA==",
          "dependencies": [
            "module.eks-blue-green-node-group.aws_iam_role.nodes"
          ]
        }
      ]
    },
    {
      "module": "module.eks-blue-green-node-group",
      "mode": "managed",
      "type": "aws_iam_role_policy_attachment",
      "name": "nodes-AmazonEKS_CNI_Policy",
      "provider": "module.eks-blue-green-node-group.provider[\"registry.terraform.io/hashicorp/aws\"]",
      "instances": [
        {
          "schema_version": 0,
          "attributes": {
            "id": "2024-dev-revive-blue-green-node-group-role-20240228202833025100000004",
            "policy_arn": "arn:aws:iam::aws:policy/AmazonEKS_CNI_Policy",
            "role": "2024-dev-revive-blue-green-node-group-role"
          },
          "sensitive_attributes": [],
          "private": "bnVsbA==",
          "dependencies": [
            "module.eks-blue-green-node-group.aws_iam_role.nodes"
          ]
        }
      ]
    }
  ],
  "check_results": null
}
